// !$*UTF8*$!
{
	archiveVersion = 1;
	classes = {
	};
	objectVersion = 55;
	objects = {

/* Begin PBXBuildFile section */
		97289A1C27E8CEBF002BD410 /* AppDelegate.swift in Sources */ = {isa = PBXBuildFile; fileRef = 97289A1B27E8CEBF002BD410 /* AppDelegate.swift */; };
		97289A1E27E8CEBF002BD410 /* SceneDelegate.swift in Sources */ = {isa = PBXBuildFile; fileRef = 97289A1D27E8CEBF002BD410 /* SceneDelegate.swift */; };
		97289A2027E8CEBF002BD410 /* ViewController.swift in Sources */ = {isa = PBXBuildFile; fileRef = 97289A1F27E8CEBF002BD410 /* ViewController.swift */; };
		97289A2327E8CEBF002BD410 /* Main.storyboard in Resources */ = {isa = PBXBuildFile; fileRef = 97289A2127E8CEBF002BD410 /* Main.storyboard */; };
		97289A2627E8CEBF002BD410 /* Marvel_Comics.xcdatamodeld in Sources */ = {isa = PBXBuildFile; fileRef = 97289A2427E8CEBF002BD410 /* Marvel_Comics.xcdatamodeld */; };
		97289A2827E8CEC1002BD410 /* Assets.xcassets in Resources */ = {isa = PBXBuildFile; fileRef = 97289A2727E8CEC1002BD410 /* Assets.xcassets */; };
		97289A2B27E8CEC1002BD410 /* LaunchScreen.storyboard in Resources */ = {isa = PBXBuildFile; fileRef = 97289A2927E8CEC1002BD410 /* LaunchScreen.storyboard */; };
		97289A3627E8CEC1002BD410 /* Marvel_ComicsTests.swift in Sources */ = {isa = PBXBuildFile; fileRef = 97289A3527E8CEC1002BD410 /* Marvel_ComicsTests.swift */; };
		97289A4027E8CEC1002BD410 /* Marvel_ComicsUITests.swift in Sources */ = {isa = PBXBuildFile; fileRef = 97289A3F27E8CEC1002BD410 /* Marvel_ComicsUITests.swift */; };
		97289A4227E8CEC1002BD410 /* Marvel_ComicsUITestsLaunchTests.swift in Sources */ = {isa = PBXBuildFile; fileRef = 97289A4127E8CEC1002BD410 /* Marvel_ComicsUITestsLaunchTests.swift */; };
		97289A4F27E8CEE6002BD410 /* APIKeys.swift in Sources */ = {isa = PBXBuildFile; fileRef = 97289A4E27E8CEE6002BD410 /* APIKeys.swift */; };
/* End PBXBuildFile section */

/* Begin PBXContainerItemProxy section */
		97289A3227E8CEC1002BD410 /* PBXContainerItemProxy */ = {
			isa = PBXContainerItemProxy;
			containerPortal = 97289A1027E8CEBF002BD410 /* Project object */;
			proxyType = 1;
			remoteGlobalIDString = 97289A1727E8CEBF002BD410;
			remoteInfo = Marvel_Comics;
		};
		97289A3C27E8CEC1002BD410 /* PBXContainerItemProxy */ = {
			isa = PBXContainerItemProxy;
			containerPortal = 97289A1027E8CEBF002BD410 /* Project object */;
			proxyType = 1;
			remoteGlobalIDString = 97289A1727E8CEBF002BD410;
			remoteInfo = Marvel_Comics;
		};
/* End PBXContainerItemProxy section */

/* Begin PBXFileReference section */
		97289A1827E8CEBF002BD410 /* Marvel_Comics.app */ = {isa = PBXFileReference; explicitFileType = wrapper.application; includeInIndex = 0; path = Marvel_Comics.app; sourceTree = BUILT_PRODUCTS_DIR; };
		97289A1B27E8CEBF002BD410 /* AppDelegate.swift */ = {isa = PBXFileReference; lastKnownFileType = sourcecode.swift; path = AppDelegate.swift; sourceTree = "<group>"; };
		97289A1D27E8CEBF002BD410 /* SceneDelegate.swift */ = {isa = PBXFileReference; lastKnownFileType = sourcecode.swift; path = SceneDelegate.swift; sourceTree = "<group>"; };
		97289A1F27E8CEBF002BD410 /* ViewController.swift */ = {isa = PBXFileReference; lastKnownFileType = sourcecode.swift; path = ViewController.swift; sourceTree = "<group>"; };
		97289A2227E8CEBF002BD410 /* Base */ = {isa = PBXFileReference; lastKnownFileType = file.storyboard; name = Base; path = Base.lproj/Main.storyboard; sourceTree = "<group>"; };
		97289A2527E8CEBF002BD410 /* Marvel_Comics.xcdatamodel */ = {isa = PBXFileReference; lastKnownFileType = wrapper.xcdatamodel; path = Marvel_Comics.xcdatamodel; sourceTree = "<group>"; };
		97289A2727E8CEC1002BD410 /* Assets.xcassets */ = {isa = PBXFileReference; lastKnownFileType = folder.assetcatalog; path = Assets.xcassets; sourceTree = "<group>"; };
		97289A2A27E8CEC1002BD410 /* Base */ = {isa = PBXFileReference; lastKnownFileType = file.storyboard; name = Base; path = Base.lproj/LaunchScreen.storyboard; sourceTree = "<group>"; };
		97289A2C27E8CEC1002BD410 /* Info.plist */ = {isa = PBXFileReference; lastKnownFileType = text.plist.xml; path = Info.plist; sourceTree = "<group>"; };
		97289A3127E8CEC1002BD410 /* Marvel_ComicsTests.xctest */ = {isa = PBXFileReference; explicitFileType = wrapper.cfbundle; includeInIndex = 0; path = Marvel_ComicsTests.xctest; sourceTree = BUILT_PRODUCTS_DIR; };
		97289A3527E8CEC1002BD410 /* Marvel_ComicsTests.swift */ = {isa = PBXFileReference; lastKnownFileType = sourcecode.swift; path = Marvel_ComicsTests.swift; sourceTree = "<group>"; };
		97289A3B27E8CEC1002BD410 /* Marvel_ComicsUITests.xctest */ = {isa = PBXFileReference; explicitFileType = wrapper.cfbundle; includeInIndex = 0; path = Marvel_ComicsUITests.xctest; sourceTree = BUILT_PRODUCTS_DIR; };
		97289A3F27E8CEC1002BD410 /* Marvel_ComicsUITests.swift */ = {isa = PBXFileReference; lastKnownFileType = sourcecode.swift; path = Marvel_ComicsUITests.swift; sourceTree = "<group>"; };
		97289A4127E8CEC1002BD410 /* Marvel_ComicsUITestsLaunchTests.swift */ = {isa = PBXFileReference; lastKnownFileType = sourcecode.swift; path = Marvel_ComicsUITestsLaunchTests.swift; sourceTree = "<group>"; };
		97289A4E27E8CEE6002BD410 /* APIKeys.swift */ = {isa = PBXFileReference; lastKnownFileType = sourcecode.swift; path = APIKeys.swift; sourceTree = "<group>"; };
/* End PBXFileReference section */

/* Begin PBXFrameworksBuildPhase section */
		97289A1527E8CEBF002BD410 /* Frameworks */ = {
			isa = PBXFrameworksBuildPhase;
			buildActionMask = 2147483647;
			files = (
			);
			runOnlyForDeploymentPostprocessing = 0;
		};
		97289A2E27E8CEC1002BD410 /* Frameworks */ = {
			isa = PBXFrameworksBuildPhase;
			buildActionMask = 2147483647;
			files = (
			);
			runOnlyForDeploymentPostprocessing = 0;
		};
		97289A3827E8CEC1002BD410 /* Frameworks */ = {
			isa = PBXFrameworksBuildPhase;
			buildActionMask = 2147483647;
			files = (
			);
			runOnlyForDeploymentPostprocessing = 0;
		};
/* End PBXFrameworksBuildPhase section */

/* Begin PBXGroup section */
		97289A0F27E8CEBF002BD410 = {
			isa = PBXGroup;
			children = (
				97289A1A27E8CEBF002BD410 /* Marvel_Comics */,
				97289A3427E8CEC1002BD410 /* Marvel_ComicsTests */,
				97289A3E27E8CEC1002BD410 /* Marvel_ComicsUITests */,
				97289A1927E8CEBF002BD410 /* Products */,
			);
			sourceTree = "<group>";
		};
		97289A1927E8CEBF002BD410 /* Products */ = {
			isa = PBXGroup;
			children = (
				97289A1827E8CEBF002BD410 /* Marvel_Comics.app */,
				97289A3127E8CEC1002BD410 /* Marvel_ComicsTests.xctest */,
				97289A3B27E8CEC1002BD410 /* Marvel_ComicsUITests.xctest */,
			);
			name = Products;
			sourceTree = "<group>";
		};
		97289A1A27E8CEBF002BD410 /* Marvel_Comics */ = {
			isa = PBXGroup;
			children = (
				97289A1B27E8CEBF002BD410 /* AppDelegate.swift */,
				97289A1D27E8CEBF002BD410 /* SceneDelegate.swift */,
				97289A1F27E8CEBF002BD410 /* ViewController.swift */,
				97289A2127E8CEBF002BD410 /* Main.storyboard */,
				97289A2727E8CEC1002BD410 /* Assets.xcassets */,
				97289A2927E8CEC1002BD410 /* LaunchScreen.storyboard */,
				97289A2C27E8CEC1002BD410 /* Info.plist */,
				97289A2427E8CEBF002BD410 /* Marvel_Comics.xcdatamodeld */,
				97289A4E27E8CEE6002BD410 /* APIKeys.swift */,
			);
			path = Marvel_Comics;
			sourceTree = "<group>";
		};
		97289A3427E8CEC1002BD410 /* Marvel_ComicsTests */ = {
			isa = PBXGroup;
			children = (
				97289A3527E8CEC1002BD410 /* Marvel_ComicsTests.swift */,
			);
			path = Marvel_ComicsTests;
			sourceTree = "<group>";
		};
		97289A3E27E8CEC1002BD410 /* Marvel_ComicsUITests */ = {
			isa = PBXGroup;
			children = (
				97289A3F27E8CEC1002BD410 /* Marvel_ComicsUITests.swift */,
				97289A4127E8CEC1002BD410 /* Marvel_ComicsUITestsLaunchTests.swift */,
			);
			path = Marvel_ComicsUITests;
			sourceTree = "<group>";
		};
/* End PBXGroup section */

/* Begin PBXNativeTarget section */
		97289A1727E8CEBF002BD410 /* Marvel_Comics */ = {
			isa = PBXNativeTarget;
			buildConfigurationList = 97289A4527E8CEC1002BD410 /* Build configuration list for PBXNativeTarget "Marvel_Comics" */;
			buildPhases = (
				97289A1427E8CEBF002BD410 /* Sources */,
				97289A1527E8CEBF002BD410 /* Frameworks */,
				97289A1627E8CEBF002BD410 /* Resources */,
			);
			buildRules = (
			);
			dependencies = (
			);
			name = Marvel_Comics;
			productName = Marvel_Comics;
			productReference = 97289A1827E8CEBF002BD410 /* Marvel_Comics.app */;
			productType = "com.apple.product-type.application";
		};
		97289A3027E8CEC1002BD410 /* Marvel_ComicsTests */ = {
			isa = PBXNativeTarget;
			buildConfigurationList = 97289A4827E8CEC1002BD410 /* Build configuration list for PBXNativeTarget "Marvel_ComicsTests" */;
			buildPhases = (
				97289A2D27E8CEC1002BD410 /* Sources */,
				97289A2E27E8CEC1002BD410 /* Frameworks */,
				97289A2F27E8CEC1002BD410 /* Resources */,
			);
			buildRules = (
			);
			dependencies = (
				97289A3327E8CEC1002BD410 /* PBXTargetDependency */,
			);
			name = Marvel_ComicsTests;
			productName = Marvel_ComicsTests;
			productReference = 97289A3127E8CEC1002BD410 /* Marvel_ComicsTests.xctest */;
			productType = "com.apple.product-type.bundle.unit-test";
		};
		97289A3A27E8CEC1002BD410 /* Marvel_ComicsUITests */ = {
			isa = PBXNativeTarget;
			buildConfigurationList = 97289A4B27E8CEC1002BD410 /* Build configuration list for PBXNativeTarget "Marvel_ComicsUITests" */;
			buildPhases = (
				97289A3727E8CEC1002BD410 /* Sources */,
				97289A3827E8CEC1002BD410 /* Frameworks */,
				97289A3927E8CEC1002BD410 /* Resources */,
			);
			buildRules = (
			);
			dependencies = (
				97289A3D27E8CEC1002BD410 /* PBXTargetDependency */,
			);
			name = Marvel_ComicsUITests;
			productName = Marvel_ComicsUITests;
			productReference = 97289A3B27E8CEC1002BD410 /* Marvel_ComicsUITests.xctest */;
			productType = "com.apple.product-type.bundle.ui-testing";
		};
/* End PBXNativeTarget section */

/* Begin PBXProject section */
		97289A1027E8CEBF002BD410 /* Project object */ = {
			isa = PBXProject;
			attributes = {
				BuildIndependentTargetsInParallel = 1;
				LastSwiftUpdateCheck = 1330;
				LastUpgradeCheck = 1330;
				TargetAttributes = {
					97289A1727E8CEBF002BD410 = {
						CreatedOnToolsVersion = 13.3;
					};
					97289A3027E8CEC1002BD410 = {
						CreatedOnToolsVersion = 13.3;
						TestTargetID = 97289A1727E8CEBF002BD410;
					};
					97289A3A27E8CEC1002BD410 = {
						CreatedOnToolsVersion = 13.3;
						TestTargetID = 97289A1727E8CEBF002BD410;
					};
				};
			};
			buildConfigurationList = 97289A1327E8CEBF002BD410 /* Build configuration list for PBXProject "Marvel_Comics" */;
			compatibilityVersion = "Xcode 13.0";
			developmentRegion = en;
			hasScannedForEncodings = 0;
			knownRegions = (
				en,
				Base,
			);
			mainGroup = 97289A0F27E8CEBF002BD410;
			productRefGroup = 97289A1927E8CEBF002BD410 /* Products */;
			projectDirPath = "";
			projectRoot = "";
			targets = (
				97289A1727E8CEBF002BD410 /* Marvel_Comics */,
				97289A3027E8CEC1002BD410 /* Marvel_ComicsTests */,
				97289A3A27E8CEC1002BD410 /* Marvel_ComicsUITests */,
			);
		};
/* End PBXProject section */

/* Begin PBXResourcesBuildPhase section */
		97289A1627E8CEBF002BD410 /* Resources */ = {
			isa = PBXResourcesBuildPhase;
			buildActionMask = 2147483647;
			files = (
				97289A2B27E8CEC1002BD410 /* LaunchScreen.storyboard in Resources */,
				97289A2827E8CEC1002BD410 /* Assets.xcassets in Resources */,
				97289A2327E8CEBF002BD410 /* Main.storyboard in Resources */,
			);
			runOnlyForDeploymentPostprocessing = 0;
		};
		97289A2F27E8CEC1002BD410 /* Resources */ = {
			isa = PBXResourcesBuildPhase;
			buildActionMask = 2147483647;
			files = (
			);
			runOnlyForDeploymentPostprocessing = 0;
		};
		97289A3927E8CEC1002BD410 /* Resources */ = {
			isa = PBXResourcesBuildPhase;
			buildActionMask = 2147483647;
			files = (
			);
			runOnlyForDeploymentPostprocessing = 0;
		};
/* End PBXResourcesBuildPhase section */

/* Begin PBXSourcesBuildPhase section */
		97289A1427E8CEBF002BD410 /* Sources */ = {
			isa = PBXSourcesBuildPhase;
			buildActionMask = 2147483647;
			files = (
				97289A2027E8CEBF002BD410 /* ViewController.swift in Sources */,
				97289A4F27E8CEE6002BD410 /* APIKeys.swift in Sources */,
				97289A1C27E8CEBF002BD410 /* AppDelegate.swift in Sources */,
				97289A2627E8CEBF002BD410 /* Marvel_Comics.xcdatamodeld in Sources */,
				97289A1E27E8CEBF002BD410 /* SceneDelegate.swift in Sources */,
			);
			runOnlyForDeploymentPostprocessing = 0;
		};
		97289A2D27E8CEC1002BD410 /* Sources */ = {
			isa = PBXSourcesBuildPhase;
			buildActionMask = 2147483647;
			files = (
				97289A3627E8CEC1002BD410 /* Marvel_ComicsTests.swift in Sources */,
			);
			runOnlyForDeploymentPostprocessing = 0;
		};
		97289A3727E8CEC1002BD410 /* Sources */ = {
			isa = PBXSourcesBuildPhase;
			buildActionMask = 2147483647;
			files = (
				97289A4027E8CEC1002BD410 /* Marvel_ComicsUITests.swift in Sources */,
				97289A4227E8CEC1002BD410 /* Marvel_ComicsUITestsLaunchTests.swift in Sources */,
			);
			runOnlyForDeploymentPostprocessing = 0;
		};
/* End PBXSourcesBuildPhase section */

/* Begin PBXTargetDependency section */
		97289A3327E8CEC1002BD410 /* PBXTargetDependency */ = {
			isa = PBXTargetDependency;
			target = 97289A1727E8CEBF002BD410 /* Marvel_Comics */;
			targetProxy = 97289A3227E8CEC1002BD410 /* PBXContainerItemProxy */;
		};
		97289A3D27E8CEC1002BD410 /* PBXTargetDependency */ = {
			isa = PBXTargetDependency;
			target = 97289A1727E8CEBF002BD410 /* Marvel_Comics */;
			targetProxy = 97289A3C27E8CEC1002BD410 /* PBXContainerItemProxy */;
		};
/* End PBXTargetDependency section */

/* Begin PBXVariantGroup section */
		97289A2127E8CEBF002BD410 /* Main.storyboard */ = {
			isa = PBXVariantGroup;
			children = (
				97289A2227E8CEBF002BD410 /* Base */,
			);
			name = Main.storyboard;
			sourceTree = "<group>";
		};
		97289A2927E8CEC1002BD410 /* LaunchScreen.storyboard */ = {
			isa = PBXVariantGroup;
			children = (
				97289A2A27E8CEC1002BD410 /* Base */,
			);
			name = LaunchScreen.storyboard;
			sourceTree = "<group>";
		};
/* End PBXVariantGroup section */

/* Begin XCBuildConfiguration section */
		97289A4327E8CEC1002BD410 /* Debug */ = {
			isa = XCBuildConfiguration;
			buildSettings = {
				ALWAYS_SEARCH_USER_PATHS = NO;
				CLANG_ANALYZER_NONNULL = YES;
				CLANG_ANALYZER_NUMBER_OBJECT_CONVERSION = YES_AGGRESSIVE;
				CLANG_CXX_LANGUAGE_STANDARD = "gnu++17";
				CLANG_ENABLE_MODULES = YES;
				CLANG_ENABLE_OBJC_ARC = YES;
				CLANG_ENABLE_OBJC_WEAK = YES;
				CLANG_WARN_BLOCK_CAPTURE_AUTORELEASING = YES;
				CLANG_WARN_BOOL_CONVERSION = YES;
				CLANG_WARN_COMMA = YES;
				CLANG_WARN_CONSTANT_CONVERSION = YES;
				CLANG_WARN_DEPRECATED_OBJC_IMPLEMENTATIONS = YES;
				CLANG_WARN_DIRECT_OBJC_ISA_USAGE = YES_ERROR;
				CLANG_WARN_DOCUMENTATION_COMMENTS = YES;
				CLANG_WARN_EMPTY_BODY = YES;
				CLANG_WARN_ENUM_CONVERSION = YES;
				CLANG_WARN_INFINITE_RECURSION = YES;
				CLANG_WARN_INT_CONVERSION = YES;
				CLANG_WARN_NON_LITERAL_NULL_CONVERSION = YES;
				CLANG_WARN_OBJC_IMPLICIT_RETAIN_SELF = YES;
				CLANG_WARN_OBJC_LITERAL_CONVERSION = YES;
				CLANG_WARN_OBJC_ROOT_CLASS = YES_ERROR;
				CLANG_WARN_QUOTED_INCLUDE_IN_FRAMEWORK_HEADER = YES;
				CLANG_WARN_RANGE_LOOP_ANALYSIS = YES;
				CLANG_WARN_STRICT_PROTOTYPES = YES;
				CLANG_WARN_SUSPICIOUS_MOVE = YES;
				CLANG_WARN_UNGUARDED_AVAILABILITY = YES_AGGRESSIVE;
				CLANG_WARN_UNREACHABLE_CODE = YES;
				CLANG_WARN__DUPLICATE_METHOD_MATCH = YES;
				COPY_PHASE_STRIP = NO;
				DEBUG_INFORMATION_FORMAT = dwarf;
				ENABLE_STRICT_OBJC_MSGSEND = YES;
				ENABLE_TESTABILITY = YES;
				GCC_C_LANGUAGE_STANDARD = gnu11;
				GCC_DYNAMIC_NO_PIC = NO;
				GCC_NO_COMMON_BLOCKS = YES;
				GCC_OPTIMIZATION_LEVEL = 0;
				GCC_PREPROCESSOR_DEFINITIONS = (
					"DEBUG=1",
					"$(inherited)",
				);
				GCC_WARN_64_TO_32_BIT_CONVERSION = YES;
				GCC_WARN_ABOUT_RETURN_TYPE = YES_ERROR;
				GCC_WARN_UNDECLARED_SELECTOR = YES;
				GCC_WARN_UNINITIALIZED_AUTOS = YES_AGGRESSIVE;
				GCC_WARN_UNUSED_FUNCTION = YES;
				GCC_WARN_UNUSED_VARIABLE = YES;
				IPHONEOS_DEPLOYMENT_TARGET = 15.4;
				MTL_ENABLE_DEBUG_INFO = INCLUDE_SOURCE;
				MTL_FAST_MATH = YES;
				ONLY_ACTIVE_ARCH = YES;
				SDKROOT = iphoneos;
				SWIFT_ACTIVE_COMPILATION_CONDITIONS = DEBUG;
				SWIFT_OPTIMIZATION_LEVEL = "-Onone";
			};
			name = Debug;
		};
		97289A4427E8CEC1002BD410 /* Release */ = {
			isa = XCBuildConfiguration;
			buildSettings = {
				ALWAYS_SEARCH_USER_PATHS = NO;
				CLANG_ANALYZER_NONNULL = YES;
				CLANG_ANALYZER_NUMBER_OBJECT_CONVERSION = YES_AGGRESSIVE;
				CLANG_CXX_LANGUAGE_STANDARD = "gnu++17";
				CLANG_ENABLE_MODULES = YES;
				CLANG_ENABLE_OBJC_ARC = YES;
				CLANG_ENABLE_OBJC_WEAK = YES;
				CLANG_WARN_BLOCK_CAPTURE_AUTORELEASING = YES;
				CLANG_WARN_BOOL_CONVERSION = YES;
				CLANG_WARN_COMMA = YES;
				CLANG_WARN_CONSTANT_CONVERSION = YES;
				CLANG_WARN_DEPRECATED_OBJC_IMPLEMENTATIONS = YES;
				CLANG_WARN_DIRECT_OBJC_ISA_USAGE = YES_ERROR;
				CLANG_WARN_DOCUMENTATION_COMMENTS = YES;
				CLANG_WARN_EMPTY_BODY = YES;
				CLANG_WARN_ENUM_CONVERSION = YES;
				CLANG_WARN_INFINITE_RECURSION = YES;
				CLANG_WARN_INT_CONVERSION = YES;
				CLANG_WARN_NON_LITERAL_NULL_CONVERSION = YES;
				CLANG_WARN_OBJC_IMPLICIT_RETAIN_SELF = YES;
				CLANG_WARN_OBJC_LITERAL_CONVERSION = YES;
				CLANG_WARN_OBJC_ROOT_CLASS = YES_ERROR;
				CLANG_WARN_QUOTED_INCLUDE_IN_FRAMEWORK_HEADER = YES;
				CLANG_WARN_RANGE_LOOP_ANALYSIS = YES;
				CLANG_WARN_STRICT_PROTOTYPES = YES;
				CLANG_WARN_SUSPICIOUS_MOVE = YES;
				CLANG_WARN_UNGUARDED_AVAILABILITY = YES_AGGRESSIVE;
				CLANG_WARN_UNREACHABLE_CODE = YES;
				CLANG_WARN__DUPLICATE_METHOD_MATCH = YES;
				COPY_PHASE_STRIP = NO;
				DEBUG_INFORMATION_FORMAT = "dwarf-with-dsym";
				ENABLE_NS_ASSERTIONS = NO;
				ENABLE_STRICT_OBJC_MSGSEND = YES;
				GCC_C_LANGUAGE_STANDARD = gnu11;
				GCC_NO_COMMON_BLOCKS = YES;
				GCC_WARN_64_TO_32_BIT_CONVERSION = YES;
				GCC_WARN_ABOUT_RETURN_TYPE = YES_ERROR;
				GCC_WARN_UNDECLARED_SELECTOR = YES;
				GCC_WARN_UNINITIALIZED_AUTOS = YES_AGGRESSIVE;
				GCC_WARN_UNUSED_FUNCTION = YES;
				GCC_WARN_UNUSED_VARIABLE = YES;
				IPHONEOS_DEPLOYMENT_TARGET = 15.4;
				MTL_ENABLE_DEBUG_INFO = NO;
				MTL_FAST_MATH = YES;
				SDKROOT = iphoneos;
				SWIFT_COMPILATION_MODE = wholemodule;
				SWIFT_OPTIMIZATION_LEVEL = "-O";
				VALIDATE_PRODUCT = YES;
			};
			name = Release;
		};
		97289A4627E8CEC1002BD410 /* Debug */ = {
			isa = XCBuildConfiguration;
			buildSettings = {
				ASSETCATALOG_COMPILER_APPICON_NAME = AppIcon;
				ASSETCATALOG_COMPILER_GLOBAL_ACCENT_COLOR_NAME = AccentColor;
				CODE_SIGN_STYLE = Automatic;
				CURRENT_PROJECT_VERSION = 1;
				DEVELOPMENT_TEAM = T4959W6459;
				GENERATE_INFOPLIST_FILE = YES;
				INFOPLIST_FILE = Marvel_Comics/Info.plist;
				INFOPLIST_KEY_UIApplicationSupportsIndirectInputEvents = YES;
				INFOPLIST_KEY_UILaunchStoryboardName = LaunchScreen;
				INFOPLIST_KEY_UIMainStoryboardFile = Main;
				INFOPLIST_KEY_UISupportedInterfaceOrientations_iPad = "UIInterfaceOrientationPortrait UIInterfaceOrientationPortraitUpsideDown UIInterfaceOrientationLandscapeLeft UIInterfaceOrientationLandscapeRight";
				INFOPLIST_KEY_UISupportedInterfaceOrientations_iPhone = "UIInterfaceOrientationPortrait UIInterfaceOrientationLandscapeLeft UIInterfaceOrientationLandscapeRight";
				LD_RUNPATH_SEARCH_PATHS = (
					"$(inherited)",
					"@executable_path/Frameworks",
				);
				MARKETING_VERSION = 1.0;
				PRODUCT_BUNDLE_IDENTIFIER = "fr.ianisrichardier.Marvel-Comics";
				PRODUCT_NAME = "$(TARGET_NAME)";
				SWIFT_EMIT_LOC_STRINGS = YES;
				SWIFT_VERSION = 5.0;
				TARGETED_DEVICE_FAMILY = "1,2";
			};
			name = Debug;
		};
		97289A4727E8CEC1002BD410 /* Release */ = {
			isa = XCBuildConfiguration;
			buildSettings = {
				ASSETCATALOG_COMPILER_APPICON_NAME = AppIcon;
				ASSETCATALOG_COMPILER_GLOBAL_ACCENT_COLOR_NAME = AccentColor;
				CODE_SIGN_STYLE = Automatic;
				CURRENT_PROJECT_VERSION = 1;
				DEVELOPMENT_TEAM = T4959W6459;
				GENERATE_INFOPLIST_FILE = YES;
				INFOPLIST_FILE = Marvel_Comics/Info.plist;
				INFOPLIST_KEY_UIApplicationSupportsIndirectInputEvents = YES;
				INFOPLIST_KEY_UILaunchStoryboardName = LaunchScreen;
				INFOPLIST_KEY_UIMainStoryboardFile = Main;
				INFOPLIST_KEY_UISupportedInterfaceOrientations_iPad = "UIInterfaceOrientationPortrait UIInterfaceOrientationPortraitUpsideDown UIInterfaceOrientationLandscapeLeft UIInterfaceOrientationLandscapeRight";
				INFOPLIST_KEY_UISupportedInterfaceOrientations_iPhone = "UIInterfaceOrientationPortrait UIInterfaceOrientationLandscapeLeft UIInterfaceOrientationLandscapeRight";
				LD_RUNPATH_SEARCH_PATHS = (
					"$(inherited)",
					"@executable_path/Frameworks",
				);
				MARKETING_VERSION = 1.0;
				PRODUCT_BUNDLE_IDENTIFIER = "fr.ianisrichardier.Marvel-Comics";
				PRODUCT_NAME = "$(TARGET_NAME)";
				SWIFT_EMIT_LOC_STRINGS = YES;
				SWIFT_VERSION = 5.0;
				TARGETED_DEVICE_FAMILY = "1,2";
			};
			name = Release;
		};
		97289A4927E8CEC1002BD410 /* Debug */ = {
			isa = XCBuildConfiguration;
			buildSettings = {
				ALWAYS_EMBED_SWIFT_STANDARD_LIBRARIES = YES;
				BUNDLE_LOADER = "$(TEST_HOST)";
				CODE_SIGN_STYLE = Automatic;
				CURRENT_PROJECT_VERSION = 1;
				DEVELOPMENT_TEAM = T4959W6459;
				GENERATE_INFOPLIST_FILE = YES;
				IPHONEOS_DEPLOYMENT_TARGET = 15.4;
				MARKETING_VERSION = 1.0;
				PRODUCT_BUNDLE_IDENTIFIER = "fr.ianisrichardier.Marvel-ComicsTests";
				PRODUCT_NAME = "$(TARGET_NAME)";
				SWIFT_EMIT_LOC_STRINGS = NO;
				SWIFT_VERSION = 5.0;
				TARGETED_DEVICE_FAMILY = "1,2";
				TEST_HOST = "$(BUILT_PRODUCTS_DIR)/Marvel_Comics.app/Marvel_Comics";
			};
			name = Debug;
		};
		97289A4A27E8CEC1002BD410 /* Release */ = {
			isa = XCBuildConfiguration;
			buildSettings = {
				ALWAYS_EMBED_SWIFT_STANDARD_LIBRARIES = YES;
				BUNDLE_LOADER = "$(TEST_HOST)";
				CODE_SIGN_STYLE = Automatic;
				CURRENT_PROJECT_VERSION = 1;
				DEVELOPMENT_TEAM = T4959W6459;
				GENERATE_INFOPLIST_FILE = YES;
				IPHONEOS_DEPLOYMENT_TARGET = 15.4;
				MARKETING_VERSION = 1.0;
				PRODUCT_BUNDLE_IDENTIFIER = "fr.ianisrichardier.Marvel-ComicsTests";
				PRODUCT_NAME = "$(TARGET_NAME)";
				SWIFT_EMIT_LOC_STRINGS = NO;
				SWIFT_VERSION = 5.0;
				TARGETED_DEVICE_FAMILY = "1,2";
				TEST_HOST = "$(BUILT_PRODUCTS_DIR)/Marvel_Comics.app/Marvel_Comics";
			};
			name = Release;
		};
		97289A4C27E8CEC1002BD410 /* Debug */ = {
			isa = XCBuildConfiguration;
			buildSettings = {
				ALWAYS_EMBED_SWIFT_STANDARD_LIBRARIES = YES;
				CODE_SIGN_STYLE = Automatic;
				CURRENT_PROJECT_VERSION = 1;
				DEVELOPMENT_TEAM = T4959W6459;
				GENERATE_INFOPLIST_FILE = YES;
				MARKETING_VERSION = 1.0;
				PRODUCT_BUNDLE_IDENTIFIER = "fr.ianisrichardier.Marvel-ComicsUITests";
				PRODUCT_NAME = "$(TARGET_NAME)";
				SWIFT_EMIT_LOC_STRINGS = NO;
				SWIFT_VERSION = 5.0;
				TARGETED_DEVICE_FAMILY = "1,2";
				TEST_TARGET_NAME = Marvel_Comics;
			};
			name = Debug;
		};
		97289A4D27E8CEC1002BD410 /* Release */ = {
			isa = XCBuildConfiguration;
			buildSettings = {
				ALWAYS_EMBED_SWIFT_STANDARD_LIBRARIES = YES;
				CODE_SIGN_STYLE = Automatic;
				CURRENT_PROJECT_VERSION = 1;
				DEVELOPMENT_TEAM = T4959W6459;
				GENERATE_INFOPLIST_FILE = YES;
				MARKETING_VERSION = 1.0;
				PRODUCT_BUNDLE_IDENTIFIER = "fr.ianisrichardier.Marvel-ComicsUITests";
				PRODUCT_NAME = "$(TARGET_NAME)";
				SWIFT_EMIT_LOC_STRINGS = NO;
				SWIFT_VERSION = 5.0;
				TARGETED_DEVICE_FAMILY = "1,2";
				TEST_TARGET_NAME = Marvel_Comics;
			};
			name = Release;
		};
/* End XCBuildConfiguration section */

/* Begin XCConfigurationList section */
		97289A1327E8CEBF002BD410 /* Build configuration list for PBXProject "Marvel_Comics" */ = {
			isa = XCConfigurationList;
			buildConfigurations = (
				97289A4327E8CEC1002BD410 /* Debug */,
				97289A4427E8CEC1002BD410 /* Release */,
			);
			defaultConfigurationIsVisible = 0;
			defaultConfigurationName = Release;
		};
		97289A4527E8CEC1002BD410 /* Build configuration list for PBXNativeTarget "Marvel_Comics" */ = {
			isa = XCConfigurationList;
			buildConfigurations = (
				97289A4627E8CEC1002BD410 /* Debug */,
				97289A4727E8CEC1002BD410 /* Release */,
			);
			defaultConfigurationIsVisible = 0;
			defaultConfigurationName = Release;
		};
		97289A4827E8CEC1002BD410 /* Build configuration list for PBXNativeTarget "Marvel_ComicsTests" */ = {
			isa = XCConfigurationList;
			buildConfigurations = (
				97289A4927E8CEC1002BD410 /* Debug */,
				97289A4A27E8CEC1002BD410 /* Release */,
			);
			defaultConfigurationIsVisible = 0;
			defaultConfigurationName = Release;
		};
		97289A4B27E8CEC1002BD410 /* Build configuration list for PBXNativeTarget "Marvel_ComicsUITests" */ = {
			isa = XCConfigurationList;
			buildConfigurations = (
				97289A4C27E8CEC1002BD410 /* Debug */,
				97289A4D27E8CEC1002BD410 /* Release */,
			);
			defaultConfigurationIsVisible = 0;
			defaultConfigurationName = Release;
		};
/* End XCConfigurationList section */

/* Begin XCVersionGroup section */
		97289A2427E8CEBF002BD410 /* Marvel_Comics.xcdatamodeld */ = {
			isa = XCVersionGroup;
			children = (
				97289A2527E8CEBF002BD410 /* Marvel_Comics.xcdatamodel */,
			);
			currentVersion = 97289A2527E8CEBF002BD410 /* Marvel_Comics.xcdatamodel */;
			path = Marvel_Comics.xcdatamodeld;
			sourceTree = "<group>";
			versionGroupType = wrapper.xcdatamodel;
		};
/* End XCVersionGroup section */
	};
	rootObject = 97289A1027E8CEBF002BD410 /* Project object */;
}
