// !$*UTF8*$!
{
	archiveVersion = 1;
	classes = {
	};
	objectVersion = 55;
	objects = {

/* Begin PBXBuildFile section */
		02C1F63D58FD1BC1F20211D7 /* Pods_Marvel_Comics.framework in Frameworks */ = {isa = PBXBuildFile; fileRef = 3669B89A6C3930617AF12ECD /* Pods_Marvel_Comics.framework */; };
		97289A1C27E8CEBF002BD410 /* AppDelegate.swift in Sources */ = {isa = PBXBuildFile; fileRef = 97289A1B27E8CEBF002BD410 /* AppDelegate.swift */; };
		97289A1E27E8CEBF002BD410 /* SceneDelegate.swift in Sources */ = {isa = PBXBuildFile; fileRef = 97289A1D27E8CEBF002BD410 /* SceneDelegate.swift */; };
		97289A2027E8CEBF002BD410 /* HomeViewController.swift in Sources */ = {isa = PBXBuildFile; fileRef = 97289A1F27E8CEBF002BD410 /* HomeViewController.swift */; };
		97289A2327E8CEBF002BD410 /* Main.storyboard in Resources */ = {isa = PBXBuildFile; fileRef = 97289A2127E8CEBF002BD410 /* Main.storyboard */; };
		97289A2627E8CEBF002BD410 /* Marvel_Comics.xcdatamodeld in Sources */ = {isa = PBXBuildFile; fileRef = 97289A2427E8CEBF002BD410 /* Marvel_Comics.xcdatamodeld */; };
		97289A2827E8CEC1002BD410 /* Assets.xcassets in Resources */ = {isa = PBXBuildFile; fileRef = 97289A2727E8CEC1002BD410 /* Assets.xcassets */; };
		97289A2B27E8CEC1002BD410 /* LaunchScreen.storyboard in Resources */ = {isa = PBXBuildFile; fileRef = 97289A2927E8CEC1002BD410 /* LaunchScreen.storyboard */; };
		97289A3627E8CEC1002BD410 /* ComicFlowModelTests.swift in Sources */ = {isa = PBXBuildFile; fileRef = 97289A3527E8CEC1002BD410 /* ComicFlowModelTests.swift */; };
		97289A4027E8CEC1002BD410 /* Marvel_ComicsUITests.swift in Sources */ = {isa = PBXBuildFile; fileRef = 97289A3F27E8CEC1002BD410 /* Marvel_ComicsUITests.swift */; };
		97289A4227E8CEC1002BD410 /* Marvel_ComicsUITestsLaunchTests.swift in Sources */ = {isa = PBXBuildFile; fileRef = 97289A4127E8CEC1002BD410 /* Marvel_ComicsUITestsLaunchTests.swift */; };
		97289A4F27E8CEE6002BD410 /* APIKeys.swift in Sources */ = {isa = PBXBuildFile; fileRef = 97289A4E27E8CEE6002BD410 /* APIKeys.swift */; };
		97289A6227E8E3B1002BD410 /* ComicsListViewController.swift in Sources */ = {isa = PBXBuildFile; fileRef = 97289A6127E8E3B1002BD410 /* ComicsListViewController.swift */; };
		97289A6427E8E3CB002BD410 /* ComicDetailsViewController.swift in Sources */ = {isa = PBXBuildFile; fileRef = 97289A6327E8E3CB002BD410 /* ComicDetailsViewController.swift */; };
		97289A6627E8E552002BD410 /* HomeActionButton.swift in Sources */ = {isa = PBXBuildFile; fileRef = 97289A6527E8E552002BD410 /* HomeActionButton.swift */; };
		97289A6B27E8E699002BD410 /* MCAColor.swift in Sources */ = {isa = PBXBuildFile; fileRef = 97289A6A27E8E699002BD410 /* MCAColor.swift */; };
		97289A6D27E8E6B8002BD410 /* Strings.swift in Sources */ = {isa = PBXBuildFile; fileRef = 97289A6C27E8E6B8002BD410 /* Strings.swift */; };
		97289A6F27E8E82E002BD410 /* CornerRadius.swift in Sources */ = {isa = PBXBuildFile; fileRef = 97289A6E27E8E82E002BD410 /* CornerRadius.swift */; };
		97289A7127E8E983002BD410 /* MCAImages.swift in Sources */ = {isa = PBXBuildFile; fileRef = 97289A7027E8E983002BD410 /* MCAImages.swift */; };
		97289A7327E8F3DA002BD410 /* Coordinator.swift in Sources */ = {isa = PBXBuildFile; fileRef = 97289A7227E8F3DA002BD410 /* Coordinator.swift */; };
		97289A7527E8F40C002BD410 /* AppCoordinator.swift in Sources */ = {isa = PBXBuildFile; fileRef = 97289A7427E8F40C002BD410 /* AppCoordinator.swift */; };
		97289A7827E9C462002BD410 /* ComicsInfo.swift in Sources */ = {isa = PBXBuildFile; fileRef = 97289A7727E9C462002BD410 /* ComicsInfo.swift */; };
		97289A7A27E9CFDE002BD410 /* NetworkService.swift in Sources */ = {isa = PBXBuildFile; fileRef = 97289A7927E9CFDE002BD410 /* NetworkService.swift */; };
		97289A7C27EA0137002BD410 /* ComicCollectionViewCell.swift in Sources */ = {isa = PBXBuildFile; fileRef = 97289A7B27EA0137002BD410 /* ComicCollectionViewCell.swift */; };
		97289A7E27EA0759002BD410 /* LoadImage.swift in Sources */ = {isa = PBXBuildFile; fileRef = 97289A7D27EA0759002BD410 /* LoadImage.swift */; };
		97289A8127EA3B75002BD410 /* StorageService.swift in Sources */ = {isa = PBXBuildFile; fileRef = 97289A8027EA3B75002BD410 /* StorageService.swift */; };
		97289A8327EB1A6B002BD410 /* ComicsFlowModel.swift in Sources */ = {isa = PBXBuildFile; fileRef = 97289A8227EB1A6B002BD410 /* ComicsFlowModel.swift */; };
		97289A8527EB1E3C002BD410 /* ServiceError.swift in Sources */ = {isa = PBXBuildFile; fileRef = 97289A8427EB1E3C002BD410 /* ServiceError.swift */; };
		97289A8827EB1E6D002BD410 /* Alert.swift in Sources */ = {isa = PBXBuildFile; fileRef = 97289A8727EB1E6D002BD410 /* Alert.swift */; };
		97289A8A27EB7571002BD410 /* AppCoordinatorProtocol.swift in Sources */ = {isa = PBXBuildFile; fileRef = 97289A8927EB7571002BD410 /* AppCoordinatorProtocol.swift */; };
		97289A8D27EB76A8002BD410 /* CoordinatorMock.swift in Sources */ = {isa = PBXBuildFile; fileRef = 97289A8C27EB76A8002BD410 /* CoordinatorMock.swift */; };
		97289A9027EB7DB5002BD410 /* fakeData.swift in Sources */ = {isa = PBXBuildFile; fileRef = 97289A8F27EB7DB5002BD410 /* fakeData.swift */; };
		97289A9227EB7E66002BD410 /* Marvel.json in Resources */ = {isa = PBXBuildFile; fileRef = 97289A9127EB7E66002BD410 /* Marvel.json */; };
		97289A9527EB8174002BD410 /* APITests.swift in Sources */ = {isa = PBXBuildFile; fileRef = 97289A9427EB8174002BD410 /* APITests.swift */; };
		97289A9727EB81B5002BD410 /* URLProtocolMock.swift in Sources */ = {isa = PBXBuildFile; fileRef = 97289A9627EB81B5002BD410 /* URLProtocolMock.swift */; };
		97289A9A27EB83E9002BD410 /* CoreDataTests.swift in Sources */ = {isa = PBXBuildFile; fileRef = 97289A9927EB83E9002BD410 /* CoreDataTests.swift */; };
		B09B62C8B15F42E02A72B214 /* Pods_Marvel_ComicsTests.framework in Frameworks */ = {isa = PBXBuildFile; fileRef = 3B65DA09FD16F811FFEBCDBC /* Pods_Marvel_ComicsTests.framework */; };
		D650601C896998768DD2EA46 /* Pods_Marvel_Comics_Marvel_ComicsUITests.framework in Frameworks */ = {isa = PBXBuildFile; fileRef = 803D8E0F35D53167E4856C8C /* Pods_Marvel_Comics_Marvel_ComicsUITests.framework */; };
/* End PBXBuildFile section */

/* Begin PBXContainerItemProxy section */
		97289A3227E8CEC1002BD410 /* PBXContainerItemProxy */ = {
			isa = PBXContainerItemProxy;
			containerPortal = 97289A1027E8CEBF002BD410 /* Project object */;
			proxyType = 1;
			remoteGlobalIDString = 97289A1727E8CEBF002BD410;
			remoteInfo = Marvel_Comics;
		};
		97289A3C27E8CEC1002BD410 /* PBXContainerItemProxy */ = {
			isa = PBXContainerItemProxy;
			containerPortal = 97289A1027E8CEBF002BD410 /* Project object */;
			proxyType = 1;
			remoteGlobalIDString = 97289A1727E8CEBF002BD410;
			remoteInfo = Marvel_Comics;
		};
/* End PBXContainerItemProxy section */

/* Begin PBXFileReference section */
		16A3D796BB3509DD3C219064 /* Pods-Marvel_ComicsTests.debug.xcconfig */ = {isa = PBXFileReference; includeInIndex = 1; lastKnownFileType = text.xcconfig; name = "Pods-Marvel_ComicsTests.debug.xcconfig"; path = "Target Support Files/Pods-Marvel_ComicsTests/Pods-Marvel_ComicsTests.debug.xcconfig"; sourceTree = "<group>"; };
		3669B89A6C3930617AF12ECD /* Pods_Marvel_Comics.framework */ = {isa = PBXFileReference; explicitFileType = wrapper.framework; includeInIndex = 0; path = Pods_Marvel_Comics.framework; sourceTree = BUILT_PRODUCTS_DIR; };
		3B65DA09FD16F811FFEBCDBC /* Pods_Marvel_ComicsTests.framework */ = {isa = PBXFileReference; explicitFileType = wrapper.framework; includeInIndex = 0; path = Pods_Marvel_ComicsTests.framework; sourceTree = BUILT_PRODUCTS_DIR; };
		76EA4C277E9C858BDA4F7F7A /* Pods-Marvel_Comics-Marvel_ComicsUITests.debug.xcconfig */ = {isa = PBXFileReference; includeInIndex = 1; lastKnownFileType = text.xcconfig; name = "Pods-Marvel_Comics-Marvel_ComicsUITests.debug.xcconfig"; path = "Target Support Files/Pods-Marvel_Comics-Marvel_ComicsUITests/Pods-Marvel_Comics-Marvel_ComicsUITests.debug.xcconfig"; sourceTree = "<group>"; };
		803D8E0F35D53167E4856C8C /* Pods_Marvel_Comics_Marvel_ComicsUITests.framework */ = {isa = PBXFileReference; explicitFileType = wrapper.framework; includeInIndex = 0; path = Pods_Marvel_Comics_Marvel_ComicsUITests.framework; sourceTree = BUILT_PRODUCTS_DIR; };
		9436E3376C9C3D37D8FE9BB8 /* Pods-Marvel_Comics.release.xcconfig */ = {isa = PBXFileReference; includeInIndex = 1; lastKnownFileType = text.xcconfig; name = "Pods-Marvel_Comics.release.xcconfig"; path = "Target Support Files/Pods-Marvel_Comics/Pods-Marvel_Comics.release.xcconfig"; sourceTree = "<group>"; };
		97289A1827E8CEBF002BD410 /* Marvel_Comics.app */ = {isa = PBXFileReference; explicitFileType = wrapper.application; includeInIndex = 0; path = Marvel_Comics.app; sourceTree = BUILT_PRODUCTS_DIR; };
		97289A1B27E8CEBF002BD410 /* AppDelegate.swift */ = {isa = PBXFileReference; lastKnownFileType = sourcecode.swift; path = AppDelegate.swift; sourceTree = "<group>"; };
		97289A1D27E8CEBF002BD410 /* SceneDelegate.swift */ = {isa = PBXFileReference; lastKnownFileType = sourcecode.swift; path = SceneDelegate.swift; sourceTree = "<group>"; };
		97289A1F27E8CEBF002BD410 /* HomeViewController.swift */ = {isa = PBXFileReference; lastKnownFileType = sourcecode.swift; path = HomeViewController.swift; sourceTree = "<group>"; };
		97289A2227E8CEBF002BD410 /* Base */ = {isa = PBXFileReference; lastKnownFileType = file.storyboard; name = Base; path = Base.lproj/Main.storyboard; sourceTree = "<group>"; };
		97289A2527E8CEBF002BD410 /* Marvel_Comics.xcdatamodel */ = {isa = PBXFileReference; lastKnownFileType = wrapper.xcdatamodel; path = Marvel_Comics.xcdatamodel; sourceTree = "<group>"; };
		97289A2727E8CEC1002BD410 /* Assets.xcassets */ = {isa = PBXFileReference; lastKnownFileType = folder.assetcatalog; path = Assets.xcassets; sourceTree = "<group>"; };
		97289A2A27E8CEC1002BD410 /* Base */ = {isa = PBXFileReference; lastKnownFileType = file.storyboard; name = Base; path = Base.lproj/LaunchScreen.storyboard; sourceTree = "<group>"; };
		97289A2C27E8CEC1002BD410 /* Info.plist */ = {isa = PBXFileReference; lastKnownFileType = text.plist.xml; path = Info.plist; sourceTree = "<group>"; };
		97289A3127E8CEC1002BD410 /* Marvel_ComicsTests.xctest */ = {isa = PBXFileReference; explicitFileType = wrapper.cfbundle; includeInIndex = 0; path = Marvel_ComicsTests.xctest; sourceTree = BUILT_PRODUCTS_DIR; };
		97289A3527E8CEC1002BD410 /* ComicFlowModelTests.swift */ = {isa = PBXFileReference; lastKnownFileType = sourcecode.swift; path = ComicFlowModelTests.swift; sourceTree = "<group>"; };
		97289A3B27E8CEC1002BD410 /* Marvel_ComicsUITests.xctest */ = {isa = PBXFileReference; explicitFileType = wrapper.cfbundle; includeInIndex = 0; path = Marvel_ComicsUITests.xctest; sourceTree = BUILT_PRODUCTS_DIR; };
		97289A3F27E8CEC1002BD410 /* Marvel_ComicsUITests.swift */ = {isa = PBXFileReference; lastKnownFileType = sourcecode.swift; path = Marvel_ComicsUITests.swift; sourceTree = "<group>"; };
		97289A4127E8CEC1002BD410 /* Marvel_ComicsUITestsLaunchTests.swift */ = {isa = PBXFileReference; lastKnownFileType = sourcecode.swift; path = Marvel_ComicsUITestsLaunchTests.swift; sourceTree = "<group>"; };
		97289A4E27E8CEE6002BD410 /* APIKeys.swift */ = {isa = PBXFileReference; lastKnownFileType = sourcecode.swift; path = APIKeys.swift; sourceTree = "<group>"; };
		97289A6127E8E3B1002BD410 /* ComicsListViewController.swift */ = {isa = PBXFileReference; lastKnownFileType = sourcecode.swift; path = ComicsListViewController.swift; sourceTree = "<group>"; };
		97289A6327E8E3CB002BD410 /* ComicDetailsViewController.swift */ = {isa = PBXFileReference; lastKnownFileType = sourcecode.swift; path = ComicDetailsViewController.swift; sourceTree = "<group>"; };
		97289A6527E8E552002BD410 /* HomeActionButton.swift */ = {isa = PBXFileReference; lastKnownFileType = sourcecode.swift; path = HomeActionButton.swift; sourceTree = "<group>"; };
		97289A6A27E8E699002BD410 /* MCAColor.swift */ = {isa = PBXFileReference; lastKnownFileType = sourcecode.swift; path = MCAColor.swift; sourceTree = "<group>"; };
		97289A6C27E8E6B8002BD410 /* Strings.swift */ = {isa = PBXFileReference; lastKnownFileType = sourcecode.swift; path = Strings.swift; sourceTree = "<group>"; };
		97289A6E27E8E82E002BD410 /* CornerRadius.swift */ = {isa = PBXFileReference; lastKnownFileType = sourcecode.swift; path = CornerRadius.swift; sourceTree = "<group>"; };
		97289A7027E8E983002BD410 /* MCAImages.swift */ = {isa = PBXFileReference; lastKnownFileType = sourcecode.swift; path = MCAImages.swift; sourceTree = "<group>"; };
		97289A7227E8F3DA002BD410 /* Coordinator.swift */ = {isa = PBXFileReference; lastKnownFileType = sourcecode.swift; path = Coordinator.swift; sourceTree = "<group>"; };
		97289A7427E8F40C002BD410 /* AppCoordinator.swift */ = {isa = PBXFileReference; lastKnownFileType = sourcecode.swift; path = AppCoordinator.swift; sourceTree = "<group>"; };
		97289A7727E9C462002BD410 /* ComicsInfo.swift */ = {isa = PBXFileReference; lastKnownFileType = sourcecode.swift; path = ComicsInfo.swift; sourceTree = "<group>"; };
		97289A7927E9CFDE002BD410 /* NetworkService.swift */ = {isa = PBXFileReference; lastKnownFileType = sourcecode.swift; path = NetworkService.swift; sourceTree = "<group>"; };
		97289A7B27EA0137002BD410 /* ComicCollectionViewCell.swift */ = {isa = PBXFileReference; lastKnownFileType = sourcecode.swift; path = ComicCollectionViewCell.swift; sourceTree = "<group>"; };
		97289A7D27EA0759002BD410 /* LoadImage.swift */ = {isa = PBXFileReference; fileEncoding = 4; lastKnownFileType = sourcecode.swift; path = LoadImage.swift; sourceTree = "<group>"; };
		97289A8027EA3B75002BD410 /* StorageService.swift */ = {isa = PBXFileReference; lastKnownFileType = sourcecode.swift; path = StorageService.swift; sourceTree = "<group>"; };
		97289A8227EB1A6B002BD410 /* ComicsFlowModel.swift */ = {isa = PBXFileReference; lastKnownFileType = sourcecode.swift; path = ComicsFlowModel.swift; sourceTree = "<group>"; };
		97289A8427EB1E3C002BD410 /* ServiceError.swift */ = {isa = PBXFileReference; fileEncoding = 4; lastKnownFileType = sourcecode.swift; path = ServiceError.swift; sourceTree = "<group>"; };
		97289A8727EB1E6D002BD410 /* Alert.swift */ = {isa = PBXFileReference; fileEncoding = 4; lastKnownFileType = sourcecode.swift; path = Alert.swift; sourceTree = "<group>"; };
		97289A8927EB7571002BD410 /* AppCoordinatorProtocol.swift */ = {isa = PBXFileReference; lastKnownFileType = sourcecode.swift; path = AppCoordinatorProtocol.swift; sourceTree = "<group>"; };
		97289A8C27EB76A8002BD410 /* CoordinatorMock.swift */ = {isa = PBXFileReference; lastKnownFileType = sourcecode.swift; path = CoordinatorMock.swift; sourceTree = "<group>"; };
		97289A8F27EB7DB5002BD410 /* fakeData.swift */ = {isa = PBXFileReference; lastKnownFileType = sourcecode.swift; path = fakeData.swift; sourceTree = "<group>"; };
		97289A9127EB7E66002BD410 /* Marvel.json */ = {isa = PBXFileReference; fileEncoding = 4; lastKnownFileType = text.json; path = Marvel.json; sourceTree = "<group>"; };
		97289A9427EB8174002BD410 /* APITests.swift */ = {isa = PBXFileReference; lastKnownFileType = sourcecode.swift; path = APITests.swift; sourceTree = "<group>"; };
		97289A9627EB81B5002BD410 /* URLProtocolMock.swift */ = {isa = PBXFileReference; lastKnownFileType = sourcecode.swift; path = URLProtocolMock.swift; sourceTree = "<group>"; };
		97289A9927EB83E9002BD410 /* CoreDataTests.swift */ = {isa = PBXFileReference; lastKnownFileType = sourcecode.swift; path = CoreDataTests.swift; sourceTree = "<group>"; };
		D2DA326E40E8BFB5D71AB5E4 /* Pods-Marvel_Comics-Marvel_ComicsUITests.release.xcconfig */ = {isa = PBXFileReference; includeInIndex = 1; lastKnownFileType = text.xcconfig; name = "Pods-Marvel_Comics-Marvel_ComicsUITests.release.xcconfig"; path = "Target Support Files/Pods-Marvel_Comics-Marvel_ComicsUITests/Pods-Marvel_Comics-Marvel_ComicsUITests.release.xcconfig"; sourceTree = "<group>"; };
		E2FC500C41C35A9FD1820EC3 /* Pods-Marvel_Comics.debug.xcconfig */ = {isa = PBXFileReference; includeInIndex = 1; lastKnownFileType = text.xcconfig; name = "Pods-Marvel_Comics.debug.xcconfig"; path = "Target Support Files/Pods-Marvel_Comics/Pods-Marvel_Comics.debug.xcconfig"; sourceTree = "<group>"; };
		F0BE01921F8AA0CCC4BF217B /* Pods-Marvel_ComicsTests.release.xcconfig */ = {isa = PBXFileReference; includeInIndex = 1; lastKnownFileType = text.xcconfig; name = "Pods-Marvel_ComicsTests.release.xcconfig"; path = "Target Support Files/Pods-Marvel_ComicsTests/Pods-Marvel_ComicsTests.release.xcconfig"; sourceTree = "<group>"; };
/* End PBXFileReference section */

/* Begin PBXFrameworksBuildPhase section */
		97289A1527E8CEBF002BD410 /* Frameworks */ = {
			isa = PBXFrameworksBuildPhase;
			buildActionMask = 2147483647;
			files = (
				02C1F63D58FD1BC1F20211D7 /* Pods_Marvel_Comics.framework in Frameworks */,
			);
			runOnlyForDeploymentPostprocessing = 0;
		};
		97289A2E27E8CEC1002BD410 /* Frameworks */ = {
			isa = PBXFrameworksBuildPhase;
			buildActionMask = 2147483647;
			files = (
				B09B62C8B15F42E02A72B214 /* Pods_Marvel_ComicsTests.framework in Frameworks */,
			);
			runOnlyForDeploymentPostprocessing = 0;
		};
		97289A3827E8CEC1002BD410 /* Frameworks */ = {
			isa = PBXFrameworksBuildPhase;
			buildActionMask = 2147483647;
			files = (
				D650601C896998768DD2EA46 /* Pods_Marvel_Comics_Marvel_ComicsUITests.framework in Frameworks */,
			);
			runOnlyForDeploymentPostprocessing = 0;
		};
/* End PBXFrameworksBuildPhase section */

/* Begin PBXGroup section */
		25318037BF1B23A00C5DA607 /* Frameworks */ = {
			isa = PBXGroup;
			children = (
				3669B89A6C3930617AF12ECD /* Pods_Marvel_Comics.framework */,
				803D8E0F35D53167E4856C8C /* Pods_Marvel_Comics_Marvel_ComicsUITests.framework */,
				3B65DA09FD16F811FFEBCDBC /* Pods_Marvel_ComicsTests.framework */,
			);
			name = Frameworks;
			sourceTree = "<group>";
		};
		97289A0F27E8CEBF002BD410 = {
			isa = PBXGroup;
			children = (
				97289A1A27E8CEBF002BD410 /* Marvel_Comics */,
				97289A3427E8CEC1002BD410 /* Marvel_ComicsTests */,
				97289A3E27E8CEC1002BD410 /* Marvel_ComicsUITests */,
				97289A1927E8CEBF002BD410 /* Products */,
				D9810046A79BB15FF02F106F /* Pods */,
				25318037BF1B23A00C5DA607 /* Frameworks */,
			);
			sourceTree = "<group>";
		};
		97289A1927E8CEBF002BD410 /* Products */ = {
			isa = PBXGroup;
			children = (
				97289A1827E8CEBF002BD410 /* Marvel_Comics.app */,
				97289A3127E8CEC1002BD410 /* Marvel_ComicsTests.xctest */,
				97289A3B27E8CEC1002BD410 /* Marvel_ComicsUITests.xctest */,
			);
			name = Products;
			sourceTree = "<group>";
		};
		97289A1A27E8CEBF002BD410 /* Marvel_Comics */ = {
			isa = PBXGroup;
			children = (
				97289A5327E8DB05002BD410 /* Application */,
				97289A5627E8DC1C002BD410 /* Flows */,
				97289A5527E8DBB2002BD410 /* Service */,
				97289A6827E8E64D002BD410 /* Styles */,
				97289A6927E8E657002BD410 /* Helpers */,
				97289A5227E8DAE7002BD410 /* Resources */,
				97289A5B27E8DE8E002BD410 /* Extensions */,
				97289A2C27E8CEC1002BD410 /* Info.plist */,
				97289A2427E8CEBF002BD410 /* Marvel_Comics.xcdatamodeld */,
			);
			path = Marvel_Comics;
			sourceTree = "<group>";
		};
		97289A3427E8CEC1002BD410 /* Marvel_ComicsTests */ = {
			isa = PBXGroup;
			children = (
				97289A9827EB83D4002BD410 /* CoreData */,
				97289A8B27EB7694002BD410 /* Mocks */,
				97289A8E27EB7837002BD410 /* Models */,
				97289A9327EB815E002BD410 /* API */,
				97289A8F27EB7DB5002BD410 /* fakeData.swift */,
				97289A9127EB7E66002BD410 /* Marvel.json */,
			);
			path = Marvel_ComicsTests;
			sourceTree = "<group>";
		};
		97289A3E27E8CEC1002BD410 /* Marvel_ComicsUITests */ = {
			isa = PBXGroup;
			children = (
				97289A3F27E8CEC1002BD410 /* Marvel_ComicsUITests.swift */,
				97289A4127E8CEC1002BD410 /* Marvel_ComicsUITestsLaunchTests.swift */,
			);
			path = Marvel_ComicsUITests;
			sourceTree = "<group>";
		};
		97289A5027E8DA23002BD410 /* Model */ = {
			isa = PBXGroup;
			children = (
				97289A7727E9C462002BD410 /* ComicsInfo.swift */,
				97289A8227EB1A6B002BD410 /* ComicsFlowModel.swift */,
			);
			path = Model;
			sourceTree = "<group>";
		};
		97289A5227E8DAE7002BD410 /* Resources */ = {
			isa = PBXGroup;
			children = (
				97289A2727E8CEC1002BD410 /* Assets.xcassets */,
			);
			path = Resources;
			sourceTree = "<group>";
		};
		97289A5327E8DB05002BD410 /* Application */ = {
			isa = PBXGroup;
			children = (
				97289A5427E8DB1C002BD410 /* Delegates */,
				97289A7227E8F3DA002BD410 /* Coordinator.swift */,
				97289A7427E8F40C002BD410 /* AppCoordinator.swift */,
				97289A8927EB7571002BD410 /* AppCoordinatorProtocol.swift */,
			);
			path = Application;
			sourceTree = "<group>";
		};
		97289A5427E8DB1C002BD410 /* Delegates */ = {
			isa = PBXGroup;
			children = (
				97289A1B27E8CEBF002BD410 /* AppDelegate.swift */,
				97289A1D27E8CEBF002BD410 /* SceneDelegate.swift */,
			);
			path = Delegates;
			sourceTree = "<group>";
		};
		97289A5527E8DBB2002BD410 /* Service */ = {
			isa = PBXGroup;
			children = (
				97289A8427EB1E3C002BD410 /* ServiceError.swift */,
				97289A5C27E8DEDF002BD410 /* Storage */,
				97289A5D27E8DF23002BD410 /* Network */,
			);
			path = Service;
			sourceTree = "<group>";
		};
		97289A5627E8DC1C002BD410 /* Flows */ = {
			isa = PBXGroup;
			children = (
				97289A5727E8DC29002BD410 /* Comics */,
			);
			path = Flows;
			sourceTree = "<group>";
		};
		97289A5727E8DC29002BD410 /* Comics */ = {
			isa = PBXGroup;
			children = (
				97289A5027E8DA23002BD410 /* Model */,
				97289A5A27E8DDE4002BD410 /* View */,
				97289A5E27E8E280002BD410 /* Home */,
				97289A5F27E8E287002BD410 /* ComicsList */,
				97289A6027E8E323002BD410 /* ComicDetails */,
			);
			path = Comics;
			sourceTree = "<group>";
		};
		97289A5927E8DD27002BD410 /* Cells */ = {
			isa = PBXGroup;
			children = (
				97289A7B27EA0137002BD410 /* ComicCollectionViewCell.swift */,
			);
			path = Cells;
			sourceTree = "<group>";
		};
		97289A5A27E8DDE4002BD410 /* View */ = {
			isa = PBXGroup;
			children = (
				97289A5927E8DD27002BD410 /* Cells */,
				97289A2927E8CEC1002BD410 /* LaunchScreen.storyboard */,
				97289A2127E8CEBF002BD410 /* Main.storyboard */,
			);
			path = View;
			sourceTree = "<group>";
		};
		97289A5B27E8DE8E002BD410 /* Extensions */ = {
			isa = PBXGroup;
			children = (
				97289A8627EB1E6D002BD410 /* UIViewController */,
				97289A7F27EA075E002BD410 /* UIImageView */,
				97289A6727E8E556002BD410 /* UIButton */,
			);
			path = Extensions;
			sourceTree = "<group>";
		};
		97289A5C27E8DEDF002BD410 /* Storage */ = {
			isa = PBXGroup;
			children = (
				97289A8027EA3B75002BD410 /* StorageService.swift */,
			);
			path = Storage;
			sourceTree = "<group>";
		};
		97289A5D27E8DF23002BD410 /* Network */ = {
			isa = PBXGroup;
			children = (
				97289A4E27E8CEE6002BD410 /* APIKeys.swift */,
				97289A7927E9CFDE002BD410 /* NetworkService.swift */,
			);
			path = Network;
			sourceTree = "<group>";
		};
		97289A5E27E8E280002BD410 /* Home */ = {
			isa = PBXGroup;
			children = (
				97289A1F27E8CEBF002BD410 /* HomeViewController.swift */,
				97289A6527E8E552002BD410 /* HomeActionButton.swift */,
			);
			path = Home;
			sourceTree = "<group>";
		};
		97289A5F27E8E287002BD410 /* ComicsList */ = {
			isa = PBXGroup;
			children = (
				97289A6127E8E3B1002BD410 /* ComicsListViewController.swift */,
			);
			path = ComicsList;
			sourceTree = "<group>";
		};
		97289A6027E8E323002BD410 /* ComicDetails */ = {
			isa = PBXGroup;
			children = (
				97289A6327E8E3CB002BD410 /* ComicDetailsViewController.swift */,
			);
			path = ComicDetails;
			sourceTree = "<group>";
		};
		97289A6727E8E556002BD410 /* UIButton */ = {
			isa = PBXGroup;
			children = (
				97289A6E27E8E82E002BD410 /* CornerRadius.swift */,
			);
			path = UIButton;
			sourceTree = "<group>";
		};
		97289A6827E8E64D002BD410 /* Styles */ = {
			isa = PBXGroup;
			children = (
				97289A6A27E8E699002BD410 /* MCAColor.swift */,
				97289A7027E8E983002BD410 /* MCAImages.swift */,
			);
			path = Styles;
			sourceTree = "<group>";
		};
		97289A6927E8E657002BD410 /* Helpers */ = {
			isa = PBXGroup;
			children = (
				97289A6C27E8E6B8002BD410 /* Strings.swift */,
			);
			path = Helpers;
			sourceTree = "<group>";
		};
		97289A7F27EA075E002BD410 /* UIImageView */ = {
			isa = PBXGroup;
			children = (
				97289A7D27EA0759002BD410 /* LoadImage.swift */,
			);
			path = UIImageView;
			sourceTree = "<group>";
		};
		97289A8627EB1E6D002BD410 /* UIViewController */ = {
			isa = PBXGroup;
			children = (
				97289A8727EB1E6D002BD410 /* Alert.swift */,
			);
			path = UIViewController;
			sourceTree = "<group>";
		};
		97289A8B27EB7694002BD410 /* Mocks */ = {
			isa = PBXGroup;
			children = (
				97289A8C27EB76A8002BD410 /* CoordinatorMock.swift */,
				97289A9627EB81B5002BD410 /* URLProtocolMock.swift */,
			);
			path = Mocks;
			sourceTree = "<group>";
		};
		97289A8E27EB7837002BD410 /* Models */ = {
			isa = PBXGroup;
			children = (
				97289A3527E8CEC1002BD410 /* ComicFlowModelTests.swift */,
			);
			path = Models;
			sourceTree = "<group>";
		};
		97289A9327EB815E002BD410 /* API */ = {
			isa = PBXGroup;
			children = (
				97289A9427EB8174002BD410 /* APITests.swift */,
			);
			path = API;
			sourceTree = "<group>";
		};
		97289A9827EB83D4002BD410 /* CoreData */ = {
			isa = PBXGroup;
			children = (
				97289A9927EB83E9002BD410 /* CoreDataTests.swift */,
			);
			path = CoreData;
			sourceTree = "<group>";
		};
		D9810046A79BB15FF02F106F /* Pods */ = {
			isa = PBXGroup;
			children = (
				E2FC500C41C35A9FD1820EC3 /* Pods-Marvel_Comics.debug.xcconfig */,
				9436E3376C9C3D37D8FE9BB8 /* Pods-Marvel_Comics.release.xcconfig */,
				76EA4C277E9C858BDA4F7F7A /* Pods-Marvel_Comics-Marvel_ComicsUITests.debug.xcconfig */,
				D2DA326E40E8BFB5D71AB5E4 /* Pods-Marvel_Comics-Marvel_ComicsUITests.release.xcconfig */,
				16A3D796BB3509DD3C219064 /* Pods-Marvel_ComicsTests.debug.xcconfig */,
				F0BE01921F8AA0CCC4BF217B /* Pods-Marvel_ComicsTests.release.xcconfig */,
			);
			path = Pods;
			sourceTree = "<group>";
		};
/* End PBXGroup section */

/* Begin PBXNativeTarget section */
		97289A1727E8CEBF002BD410 /* Marvel_Comics */ = {
			isa = PBXNativeTarget;
			buildConfigurationList = 97289A4527E8CEC1002BD410 /* Build configuration list for PBXNativeTarget "Marvel_Comics" */;
			buildPhases = (
				AB64EAEBC28C337F8FAB6BBF /* [CP] Check Pods Manifest.lock */,
				97289A1427E8CEBF002BD410 /* Sources */,
				97289A1527E8CEBF002BD410 /* Frameworks */,
				97289A1627E8CEBF002BD410 /* Resources */,
				D5B584725C43055BC3D5232D /* [CP] Embed Pods Frameworks */,
			);
			buildRules = (
			);
			dependencies = (
			);
			name = Marvel_Comics;
			productName = Marvel_Comics;
			productReference = 97289A1827E8CEBF002BD410 /* Marvel_Comics.app */;
			productType = "com.apple.product-type.application";
		};
		97289A3027E8CEC1002BD410 /* Marvel_ComicsTests */ = {
			isa = PBXNativeTarget;
			buildConfigurationList = 97289A4827E8CEC1002BD410 /* Build configuration list for PBXNativeTarget "Marvel_ComicsTests" */;
			buildPhases = (
				0641A702D576AC139DBE5EF8 /* [CP] Check Pods Manifest.lock */,
				97289A2D27E8CEC1002BD410 /* Sources */,
				97289A2E27E8CEC1002BD410 /* Frameworks */,
				97289A2F27E8CEC1002BD410 /* Resources */,
			);
			buildRules = (
			);
			dependencies = (
				97289A3327E8CEC1002BD410 /* PBXTargetDependency */,
			);
			name = Marvel_ComicsTests;
			productName = Marvel_ComicsTests;
			productReference = 97289A3127E8CEC1002BD410 /* Marvel_ComicsTests.xctest */;
			productType = "com.apple.product-type.bundle.unit-test";
		};
		97289A3A27E8CEC1002BD410 /* Marvel_ComicsUITests */ = {
			isa = PBXNativeTarget;
			buildConfigurationList = 97289A4B27E8CEC1002BD410 /* Build configuration list for PBXNativeTarget "Marvel_ComicsUITests" */;
			buildPhases = (
				9BD0712B0FC774017115371E /* [CP] Check Pods Manifest.lock */,
				97289A3727E8CEC1002BD410 /* Sources */,
				97289A3827E8CEC1002BD410 /* Frameworks */,
				97289A3927E8CEC1002BD410 /* Resources */,
				B63E8DF1B40A07E5A7024783 /* [CP] Embed Pods Frameworks */,
			);
			buildRules = (
			);
			dependencies = (
				97289A3D27E8CEC1002BD410 /* PBXTargetDependency */,
			);
			name = Marvel_ComicsUITests;
			productName = Marvel_ComicsUITests;
			productReference = 97289A3B27E8CEC1002BD410 /* Marvel_ComicsUITests.xctest */;
			productType = "com.apple.product-type.bundle.ui-testing";
		};
/* End PBXNativeTarget section */

/* Begin PBXProject section */
		97289A1027E8CEBF002BD410 /* Project object */ = {
			isa = PBXProject;
			attributes = {
				BuildIndependentTargetsInParallel = 1;
				LastSwiftUpdateCheck = 1330;
				LastUpgradeCheck = 1330;
				TargetAttributes = {
					97289A1727E8CEBF002BD410 = {
						CreatedOnToolsVersion = 13.3;
					};
					97289A3027E8CEC1002BD410 = {
						CreatedOnToolsVersion = 13.3;
						TestTargetID = 97289A1727E8CEBF002BD410;
					};
					97289A3A27E8CEC1002BD410 = {
						CreatedOnToolsVersion = 13.3;
						TestTargetID = 97289A1727E8CEBF002BD410;
					};
				};
			};
			buildConfigurationList = 97289A1327E8CEBF002BD410 /* Build configuration list for PBXProject "Marvel_Comics" */;
			compatibilityVersion = "Xcode 13.0";
			developmentRegion = en;
			hasScannedForEncodings = 0;
			knownRegions = (
				en,
				Base,
			);
			mainGroup = 97289A0F27E8CEBF002BD410;
			productRefGroup = 97289A1927E8CEBF002BD410 /* Products */;
			projectDirPath = "";
			projectRoot = "";
			targets = (
				97289A1727E8CEBF002BD410 /* Marvel_Comics */,
				97289A3027E8CEC1002BD410 /* Marvel_ComicsTests */,
				97289A3A27E8CEC1002BD410 /* Marvel_ComicsUITests */,
			);
		};
/* End PBXProject section */

/* Begin PBXResourcesBuildPhase section */
		97289A1627E8CEBF002BD410 /* Resources */ = {
			isa = PBXResourcesBuildPhase;
			buildActionMask = 2147483647;
			files = (
				97289A2B27E8CEC1002BD410 /* LaunchScreen.storyboard in Resources */,
				97289A2827E8CEC1002BD410 /* Assets.xcassets in Resources */,
				97289A2327E8CEBF002BD410 /* Main.storyboard in Resources */,
			);
			runOnlyForDeploymentPostprocessing = 0;
		};
		97289A2F27E8CEC1002BD410 /* Resources */ = {
			isa = PBXResourcesBuildPhase;
			buildActionMask = 2147483647;
			files = (
				97289A9227EB7E66002BD410 /* Marvel.json in Resources */,
			);
			runOnlyForDeploymentPostprocessing = 0;
		};
		97289A3927E8CEC1002BD410 /* Resources */ = {
			isa = PBXResourcesBuildPhase;
			buildActionMask = 2147483647;
			files = (
			);
			runOnlyForDeploymentPostprocessing = 0;
		};
/* End PBXResourcesBuildPhase section */

/* Begin PBXShellScriptBuildPhase section */
		0641A702D576AC139DBE5EF8 /* [CP] Check Pods Manifest.lock */ = {
			isa = PBXShellScriptBuildPhase;
			buildActionMask = 2147483647;
			files = (
			);
			inputFileListPaths = (
			);
			inputPaths = (
				"${PODS_PODFILE_DIR_PATH}/Podfile.lock",
				"${PODS_ROOT}/Manifest.lock",
			);
			name = "[CP] Check Pods Manifest.lock";
			outputFileListPaths = (
			);
			outputPaths = (
				"$(DERIVED_FILE_DIR)/Pods-Marvel_ComicsTests-checkManifestLockResult.txt",
			);
			runOnlyForDeploymentPostprocessing = 0;
			shellPath = /bin/sh;
			shellScript = "diff \"${PODS_PODFILE_DIR_PATH}/Podfile.lock\" \"${PODS_ROOT}/Manifest.lock\" > /dev/null\nif [ $? != 0 ] ; then\n    # print error to STDERR\n    echo \"error: The sandbox is not in sync with the Podfile.lock. Run 'pod install' or update your CocoaPods installation.\" >&2\n    exit 1\nfi\n# This output is used by Xcode 'outputs' to avoid re-running this script phase.\necho \"SUCCESS\" > \"${SCRIPT_OUTPUT_FILE_0}\"\n";
			showEnvVarsInLog = 0;
		};
		9BD0712B0FC774017115371E /* [CP] Check Pods Manifest.lock */ = {
			isa = PBXShellScriptBuildPhase;
			buildActionMask = 2147483647;
			files = (
			);
			inputFileListPaths = (
			);
			inputPaths = (
				"${PODS_PODFILE_DIR_PATH}/Podfile.lock",
				"${PODS_ROOT}/Manifest.lock",
			);
			name = "[CP] Check Pods Manifest.lock";
			outputFileListPaths = (
			);
			outputPaths = (
				"$(DERIVED_FILE_DIR)/Pods-Marvel_Comics-Marvel_ComicsUITests-checkManifestLockResult.txt",
			);
			runOnlyForDeploymentPostprocessing = 0;
			shellPath = /bin/sh;
			shellScript = "diff \"${PODS_PODFILE_DIR_PATH}/Podfile.lock\" \"${PODS_ROOT}/Manifest.lock\" > /dev/null\nif [ $? != 0 ] ; then\n    # print error to STDERR\n    echo \"error: The sandbox is not in sync with the Podfile.lock. Run 'pod install' or update your CocoaPods installation.\" >&2\n    exit 1\nfi\n# This output is used by Xcode 'outputs' to avoid re-running this script phase.\necho \"SUCCESS\" > \"${SCRIPT_OUTPUT_FILE_0}\"\n";
			showEnvVarsInLog = 0;
		};
		AB64EAEBC28C337F8FAB6BBF /* [CP] Check Pods Manifest.lock */ = {
			isa = PBXShellScriptBuildPhase;
			buildActionMask = 2147483647;
			files = (
			);
			inputFileListPaths = (
			);
			inputPaths = (
				"${PODS_PODFILE_DIR_PATH}/Podfile.lock",
				"${PODS_ROOT}/Manifest.lock",
			);
			name = "[CP] Check Pods Manifest.lock";
			outputFileListPaths = (
			);
			outputPaths = (
				"$(DERIVED_FILE_DIR)/Pods-Marvel_Comics-checkManifestLockResult.txt",
			);
			runOnlyForDeploymentPostprocessing = 0;
			shellPath = /bin/sh;
			shellScript = "diff \"${PODS_PODFILE_DIR_PATH}/Podfile.lock\" \"${PODS_ROOT}/Manifest.lock\" > /dev/null\nif [ $? != 0 ] ; then\n    # print error to STDERR\n    echo \"error: The sandbox is not in sync with the Podfile.lock. Run 'pod install' or update your CocoaPods installation.\" >&2\n    exit 1\nfi\n# This output is used by Xcode 'outputs' to avoid re-running this script phase.\necho \"SUCCESS\" > \"${SCRIPT_OUTPUT_FILE_0}\"\n";
			showEnvVarsInLog = 0;
		};
		B63E8DF1B40A07E5A7024783 /* [CP] Embed Pods Frameworks */ = {
			isa = PBXShellScriptBuildPhase;
			buildActionMask = 2147483647;
			files = (
			);
			inputFileListPaths = (
				"${PODS_ROOT}/Target Support Files/Pods-Marvel_Comics-Marvel_ComicsUITests/Pods-Marvel_Comics-Marvel_ComicsUITests-frameworks-${CONFIGURATION}-input-files.xcfilelist",
			);
			name = "[CP] Embed Pods Frameworks";
			outputFileListPaths = (
				"${PODS_ROOT}/Target Support Files/Pods-Marvel_Comics-Marvel_ComicsUITests/Pods-Marvel_Comics-Marvel_ComicsUITests-frameworks-${CONFIGURATION}-output-files.xcfilelist",
			);
			runOnlyForDeploymentPostprocessing = 0;
			shellPath = /bin/sh;
			shellScript = "\"${PODS_ROOT}/Target Support Files/Pods-Marvel_Comics-Marvel_ComicsUITests/Pods-Marvel_Comics-Marvel_ComicsUITests-frameworks.sh\"\n";
			showEnvVarsInLog = 0;
		};
		D5B584725C43055BC3D5232D /* [CP] Embed Pods Frameworks */ = {
			isa = PBXShellScriptBuildPhase;
			buildActionMask = 2147483647;
			files = (
			);
			inputFileListPaths = (
				"${PODS_ROOT}/Target Support Files/Pods-Marvel_Comics/Pods-Marvel_Comics-frameworks-${CONFIGURATION}-input-files.xcfilelist",
			);
			name = "[CP] Embed Pods Frameworks";
			outputFileListPaths = (
				"${PODS_ROOT}/Target Support Files/Pods-Marvel_Comics/Pods-Marvel_Comics-frameworks-${CONFIGURATION}-output-files.xcfilelist",
			);
			runOnlyForDeploymentPostprocessing = 0;
			shellPath = /bin/sh;
			shellScript = "\"${PODS_ROOT}/Target Support Files/Pods-Marvel_Comics/Pods-Marvel_Comics-frameworks.sh\"\n";
			showEnvVarsInLog = 0;
		};
/* End PBXShellScriptBuildPhase section */

/* Begin PBXSourcesBuildPhase section */
		97289A1427E8CEBF002BD410 /* Sources */ = {
			isa = PBXSourcesBuildPhase;
			buildActionMask = 2147483647;
			files = (
				97289A2027E8CEBF002BD410 /* HomeViewController.swift in Sources */,
				97289A4F27E8CEE6002BD410 /* APIKeys.swift in Sources */,
				97289A7327E8F3DA002BD410 /* Coordinator.swift in Sources */,
				97289A6D27E8E6B8002BD410 /* Strings.swift in Sources */,
				97289A1C27E8CEBF002BD410 /* AppDelegate.swift in Sources */,
				97289A8A27EB7571002BD410 /* AppCoordinatorProtocol.swift in Sources */,
				97289A8127EA3B75002BD410 /* StorageService.swift in Sources */,
				97289A6427E8E3CB002BD410 /* ComicDetailsViewController.swift in Sources */,
				97289A7527E8F40C002BD410 /* AppCoordinator.swift in Sources */,
				97289A8827EB1E6D002BD410 /* Alert.swift in Sources */,
				97289A7827E9C462002BD410 /* ComicsInfo.swift in Sources */,
				97289A6B27E8E699002BD410 /* MCAColor.swift in Sources */,
				97289A6F27E8E82E002BD410 /* CornerRadius.swift in Sources */,
				97289A7A27E9CFDE002BD410 /* NetworkService.swift in Sources */,
				97289A8527EB1E3C002BD410 /* ServiceError.swift in Sources */,
				97289A6627E8E552002BD410 /* HomeActionButton.swift in Sources */,
				97289A2627E8CEBF002BD410 /* Marvel_Comics.xcdatamodeld in Sources */,
				97289A7127E8E983002BD410 /* MCAImages.swift in Sources */,
				97289A8327EB1A6B002BD410 /* ComicsFlowModel.swift in Sources */,
				97289A6227E8E3B1002BD410 /* ComicsListViewController.swift in Sources */,
				97289A7E27EA0759002BD410 /* LoadImage.swift in Sources */,
				97289A7C27EA0137002BD410 /* ComicCollectionViewCell.swift in Sources */,
				97289A1E27E8CEBF002BD410 /* SceneDelegate.swift in Sources */,
			);
			runOnlyForDeploymentPostprocessing = 0;
		};
		97289A2D27E8CEC1002BD410 /* Sources */ = {
			isa = PBXSourcesBuildPhase;
			buildActionMask = 2147483647;
			files = (
				97289A9727EB81B5002BD410 /* URLProtocolMock.swift in Sources */,
				97289A8D27EB76A8002BD410 /* CoordinatorMock.swift in Sources */,
				97289A9A27EB83E9002BD410 /* CoreDataTests.swift in Sources */,
				97289A3627E8CEC1002BD410 /* ComicFlowModelTests.swift in Sources */,
				97289A9527EB8174002BD410 /* APITests.swift in Sources */,
				97289A9027EB7DB5002BD410 /* fakeData.swift in Sources */,
			);
			runOnlyForDeploymentPostprocessing = 0;
		};
		97289A3727E8CEC1002BD410 /* Sources */ = {
			isa = PBXSourcesBuildPhase;
			buildActionMask = 2147483647;
			files = (
				97289A4027E8CEC1002BD410 /* Marvel_ComicsUITests.swift in Sources */,
				97289A4227E8CEC1002BD410 /* Marvel_ComicsUITestsLaunchTests.swift in Sources */,
			);
			runOnlyForDeploymentPostprocessing = 0;
		};
/* End PBXSourcesBuildPhase section */

/* Begin PBXTargetDependency section */
		97289A3327E8CEC1002BD410 /* PBXTargetDependency */ = {
			isa = PBXTargetDependency;
			target = 97289A1727E8CEBF002BD410 /* Marvel_Comics */;
			targetProxy = 97289A3227E8CEC1002BD410 /* PBXContainerItemProxy */;
		};
		97289A3D27E8CEC1002BD410 /* PBXTargetDependency */ = {
			isa = PBXTargetDependency;
			target = 97289A1727E8CEBF002BD410 /* Marvel_Comics */;
			targetProxy = 97289A3C27E8CEC1002BD410 /* PBXContainerItemProxy */;
		};
/* End PBXTargetDependency section */

/* Begin PBXVariantGroup section */
		97289A2127E8CEBF002BD410 /* Main.storyboard */ = {
			isa = PBXVariantGroup;
			children = (
				97289A2227E8CEBF002BD410 /* Base */,
			);
			name = Main.storyboard;
			sourceTree = "<group>";
		};
		97289A2927E8CEC1002BD410 /* LaunchScreen.storyboard */ = {
			isa = PBXVariantGroup;
			children = (
				97289A2A27E8CEC1002BD410 /* Base */,
			);
			name = LaunchScreen.storyboard;
			sourceTree = "<group>";
		};
/* End PBXVariantGroup section */

/* Begin XCBuildConfiguration section */
		97289A4327E8CEC1002BD410 /* Debug */ = {
			isa = XCBuildConfiguration;
			buildSettings = {
				ALWAYS_SEARCH_USER_PATHS = NO;
				CLANG_ANALYZER_NONNULL = YES;
				CLANG_ANALYZER_NUMBER_OBJECT_CONVERSION = YES_AGGRESSIVE;
				CLANG_CXX_LANGUAGE_STANDARD = "gnu++17";
				CLANG_ENABLE_MODULES = YES;
				CLANG_ENABLE_OBJC_ARC = YES;
				CLANG_ENABLE_OBJC_WEAK = YES;
				CLANG_WARN_BLOCK_CAPTURE_AUTORELEASING = YES;
				CLANG_WARN_BOOL_CONVERSION = YES;
				CLANG_WARN_COMMA = YES;
				CLANG_WARN_CONSTANT_CONVERSION = YES;
				CLANG_WARN_DEPRECATED_OBJC_IMPLEMENTATIONS = YES;
				CLANG_WARN_DIRECT_OBJC_ISA_USAGE = YES_ERROR;
				CLANG_WARN_DOCUMENTATION_COMMENTS = YES;
				CLANG_WARN_EMPTY_BODY = YES;
				CLANG_WARN_ENUM_CONVERSION = YES;
				CLANG_WARN_INFINITE_RECURSION = YES;
				CLANG_WARN_INT_CONVERSION = YES;
				CLANG_WARN_NON_LITERAL_NULL_CONVERSION = YES;
				CLANG_WARN_OBJC_IMPLICIT_RETAIN_SELF = YES;
				CLANG_WARN_OBJC_LITERAL_CONVERSION = YES;
				CLANG_WARN_OBJC_ROOT_CLASS = YES_ERROR;
				CLANG_WARN_QUOTED_INCLUDE_IN_FRAMEWORK_HEADER = YES;
				CLANG_WARN_RANGE_LOOP_ANALYSIS = YES;
				CLANG_WARN_STRICT_PROTOTYPES = YES;
				CLANG_WARN_SUSPICIOUS_MOVE = YES;
				CLANG_WARN_UNGUARDED_AVAILABILITY = YES_AGGRESSIVE;
				CLANG_WARN_UNREACHABLE_CODE = YES;
				CLANG_WARN__DUPLICATE_METHOD_MATCH = YES;
				COPY_PHASE_STRIP = NO;
				DEBUG_INFORMATION_FORMAT = dwarf;
				ENABLE_STRICT_OBJC_MSGSEND = YES;
				ENABLE_TESTABILITY = YES;
				GCC_C_LANGUAGE_STANDARD = gnu11;
				GCC_DYNAMIC_NO_PIC = NO;
				GCC_NO_COMMON_BLOCKS = YES;
				GCC_OPTIMIZATION_LEVEL = 0;
				GCC_PREPROCESSOR_DEFINITIONS = (
					"DEBUG=1",
					"$(inherited)",
				);
				GCC_WARN_64_TO_32_BIT_CONVERSION = YES;
				GCC_WARN_ABOUT_RETURN_TYPE = YES_ERROR;
				GCC_WARN_UNDECLARED_SELECTOR = YES;
				GCC_WARN_UNINITIALIZED_AUTOS = YES_AGGRESSIVE;
				GCC_WARN_UNUSED_FUNCTION = YES;
				GCC_WARN_UNUSED_VARIABLE = YES;
				IPHONEOS_DEPLOYMENT_TARGET = 15.4;
				MTL_ENABLE_DEBUG_INFO = INCLUDE_SOURCE;
				MTL_FAST_MATH = YES;
				ONLY_ACTIVE_ARCH = YES;
				SDKROOT = iphoneos;
				SWIFT_ACTIVE_COMPILATION_CONDITIONS = DEBUG;
				SWIFT_OPTIMIZATION_LEVEL = "-Onone";
			};
			name = Debug;
		};
		97289A4427E8CEC1002BD410 /* Release */ = {
			isa = XCBuildConfiguration;
			buildSettings = {
				ALWAYS_SEARCH_USER_PATHS = NO;
				CLANG_ANALYZER_NONNULL = YES;
				CLANG_ANALYZER_NUMBER_OBJECT_CONVERSION = YES_AGGRESSIVE;
				CLANG_CXX_LANGUAGE_STANDARD = "gnu++17";
				CLANG_ENABLE_MODULES = YES;
				CLANG_ENABLE_OBJC_ARC = YES;
				CLANG_ENABLE_OBJC_WEAK = YES;
				CLANG_WARN_BLOCK_CAPTURE_AUTORELEASING = YES;
				CLANG_WARN_BOOL_CONVERSION = YES;
				CLANG_WARN_COMMA = YES;
				CLANG_WARN_CONSTANT_CONVERSION = YES;
				CLANG_WARN_DEPRECATED_OBJC_IMPLEMENTATIONS = YES;
				CLANG_WARN_DIRECT_OBJC_ISA_USAGE = YES_ERROR;
				CLANG_WARN_DOCUMENTATION_COMMENTS = YES;
				CLANG_WARN_EMPTY_BODY = YES;
				CLANG_WARN_ENUM_CONVERSION = YES;
				CLANG_WARN_INFINITE_RECURSION = YES;
				CLANG_WARN_INT_CONVERSION = YES;
				CLANG_WARN_NON_LITERAL_NULL_CONVERSION = YES;
				CLANG_WARN_OBJC_IMPLICIT_RETAIN_SELF = YES;
				CLANG_WARN_OBJC_LITERAL_CONVERSION = YES;
				CLANG_WARN_OBJC_ROOT_CLASS = YES_ERROR;
				CLANG_WARN_QUOTED_INCLUDE_IN_FRAMEWORK_HEADER = YES;
				CLANG_WARN_RANGE_LOOP_ANALYSIS = YES;
				CLANG_WARN_STRICT_PROTOTYPES = YES;
				CLANG_WARN_SUSPICIOUS_MOVE = YES;
				CLANG_WARN_UNGUARDED_AVAILABILITY = YES_AGGRESSIVE;
				CLANG_WARN_UNREACHABLE_CODE = YES;
				CLANG_WARN__DUPLICATE_METHOD_MATCH = YES;
				COPY_PHASE_STRIP = NO;
				DEBUG_INFORMATION_FORMAT = "dwarf-with-dsym";
				ENABLE_NS_ASSERTIONS = NO;
				ENABLE_STRICT_OBJC_MSGSEND = YES;
				GCC_C_LANGUAGE_STANDARD = gnu11;
				GCC_NO_COMMON_BLOCKS = YES;
				GCC_WARN_64_TO_32_BIT_CONVERSION = YES;
				GCC_WARN_ABOUT_RETURN_TYPE = YES_ERROR;
				GCC_WARN_UNDECLARED_SELECTOR = YES;
				GCC_WARN_UNINITIALIZED_AUTOS = YES_AGGRESSIVE;
				GCC_WARN_UNUSED_FUNCTION = YES;
				GCC_WARN_UNUSED_VARIABLE = YES;
				IPHONEOS_DEPLOYMENT_TARGET = 15.4;
				MTL_ENABLE_DEBUG_INFO = NO;
				MTL_FAST_MATH = YES;
				SDKROOT = iphoneos;
				SWIFT_COMPILATION_MODE = wholemodule;
				SWIFT_OPTIMIZATION_LEVEL = "-O";
				VALIDATE_PRODUCT = YES;
			};
			name = Release;
		};
		97289A4627E8CEC1002BD410 /* Debug */ = {
			isa = XCBuildConfiguration;
			baseConfigurationReference = E2FC500C41C35A9FD1820EC3 /* Pods-Marvel_Comics.debug.xcconfig */;
			buildSettings = {
				ASSETCATALOG_COMPILER_APPICON_NAME = AppIcon;
				ASSETCATALOG_COMPILER_GLOBAL_ACCENT_COLOR_NAME = AccentColor;
				CODE_SIGN_STYLE = Automatic;
				CURRENT_PROJECT_VERSION = 1;
				DEVELOPMENT_TEAM = T4959W6459;
				GENERATE_INFOPLIST_FILE = YES;
				INFOPLIST_FILE = Marvel_Comics/Info.plist;
				INFOPLIST_KEY_UIApplicationSupportsIndirectInputEvents = YES;
				INFOPLIST_KEY_UILaunchStoryboardName = LaunchScreen;
				INFOPLIST_KEY_UIMainStoryboardFile = Main;
				INFOPLIST_KEY_UISupportedInterfaceOrientations_iPad = "UIInterfaceOrientationPortrait UIInterfaceOrientationPortraitUpsideDown UIInterfaceOrientationLandscapeLeft UIInterfaceOrientationLandscapeRight";
				INFOPLIST_KEY_UISupportedInterfaceOrientations_iPhone = "UIInterfaceOrientationPortrait UIInterfaceOrientationLandscapeLeft UIInterfaceOrientationLandscapeRight";
				LD_RUNPATH_SEARCH_PATHS = (
					"$(inherited)",
					"@executable_path/Frameworks",
				);
				MARKETING_VERSION = 1.0;
				PRODUCT_BUNDLE_IDENTIFIER = "fr.ianisrichardier.Marvel-Comics";
				PRODUCT_NAME = "$(TARGET_NAME)";
				SWIFT_EMIT_LOC_STRINGS = YES;
				SWIFT_VERSION = 5.0;
				TARGETED_DEVICE_FAMILY = 1;
			};
			name = Debug;
		};
		97289A4727E8CEC1002BD410 /* Release */ = {
			isa = XCBuildConfiguration;
			baseConfigurationReference = 9436E3376C9C3D37D8FE9BB8 /* Pods-Marvel_Comics.release.xcconfig */;
			buildSettings = {
				ASSETCATALOG_COMPILER_APPICON_NAME = AppIcon;
				ASSETCATALOG_COMPILER_GLOBAL_ACCENT_COLOR_NAME = AccentColor;
				CODE_SIGN_STYLE = Automatic;
				CURRENT_PROJECT_VERSION = 1;
				DEVELOPMENT_TEAM = T4959W6459;
				GENERATE_INFOPLIST_FILE = YES;
				INFOPLIST_FILE = Marvel_Comics/Info.plist;
				INFOPLIST_KEY_UIApplicationSupportsIndirectInputEvents = YES;
				INFOPLIST_KEY_UILaunchStoryboardName = LaunchScreen;
				INFOPLIST_KEY_UIMainStoryboardFile = Main;
				INFOPLIST_KEY_UISupportedInterfaceOrientations_iPad = "UIInterfaceOrientationPortrait UIInterfaceOrientationPortraitUpsideDown UIInterfaceOrientationLandscapeLeft UIInterfaceOrientationLandscapeRight";
				INFOPLIST_KEY_UISupportedInterfaceOrientations_iPhone = "UIInterfaceOrientationPortrait UIInterfaceOrientationLandscapeLeft UIInterfaceOrientationLandscapeRight";
				LD_RUNPATH_SEARCH_PATHS = (
					"$(inherited)",
					"@executable_path/Frameworks",
				);
				MARKETING_VERSION = 1.0;
				PRODUCT_BUNDLE_IDENTIFIER = "fr.ianisrichardier.Marvel-Comics";
				PRODUCT_NAME = "$(TARGET_NAME)";
				SWIFT_EMIT_LOC_STRINGS = YES;
				SWIFT_VERSION = 5.0;
				TARGETED_DEVICE_FAMILY = 1;
			};
			name = Release;
		};
		97289A4927E8CEC1002BD410 /* Debug */ = {
			isa = XCBuildConfiguration;
			baseConfigurationReference = 16A3D796BB3509DD3C219064 /* Pods-Marvel_ComicsTests.debug.xcconfig */;
			buildSettings = {
				ALWAYS_EMBED_SWIFT_STANDARD_LIBRARIES = YES;
				BUNDLE_LOADER = "$(TEST_HOST)";
				CODE_SIGN_STYLE = Automatic;
				CURRENT_PROJECT_VERSION = 1;
				DEVELOPMENT_TEAM = T4959W6459;
				GENERATE_INFOPLIST_FILE = YES;
				IPHONEOS_DEPLOYMENT_TARGET = 15.4;
				MARKETING_VERSION = 1.0;
				PRODUCT_BUNDLE_IDENTIFIER = "fr.ianisrichardier.Marvel-ComicsTests";
				PRODUCT_NAME = "$(TARGET_NAME)";
				SWIFT_EMIT_LOC_STRINGS = NO;
				SWIFT_VERSION = 5.0;
				TARGETED_DEVICE_FAMILY = "1,2";
				TEST_HOST = "$(BUILT_PRODUCTS_DIR)/Marvel_Comics.app/Marvel_Comics";
			};
			name = Debug;
		};
		97289A4A27E8CEC1002BD410 /* Release */ = {
			isa = XCBuildConfiguration;
			baseConfigurationReference = F0BE01921F8AA0CCC4BF217B /* Pods-Marvel_ComicsTests.release.xcconfig */;
			buildSettings = {
				ALWAYS_EMBED_SWIFT_STANDARD_LIBRARIES = YES;
				BUNDLE_LOADER = "$(TEST_HOST)";
				CODE_SIGN_STYLE = Automatic;
				CURRENT_PROJECT_VERSION = 1;
				DEVELOPMENT_TEAM = T4959W6459;
				GENERATE_INFOPLIST_FILE = YES;
				IPHONEOS_DEPLOYMENT_TARGET = 15.4;
				MARKETING_VERSION = 1.0;
				PRODUCT_BUNDLE_IDENTIFIER = "fr.ianisrichardier.Marvel-ComicsTests";
				PRODUCT_NAME = "$(TARGET_NAME)";
				SWIFT_EMIT_LOC_STRINGS = NO;
				SWIFT_VERSION = 5.0;
				TARGETED_DEVICE_FAMILY = "1,2";
				TEST_HOST = "$(BUILT_PRODUCTS_DIR)/Marvel_Comics.app/Marvel_Comics";
			};
			name = Release;
		};
		97289A4C27E8CEC1002BD410 /* Debug */ = {
			isa = XCBuildConfiguration;
			baseConfigurationReference = 76EA4C277E9C858BDA4F7F7A /* Pods-Marvel_Comics-Marvel_ComicsUITests.debug.xcconfig */;
			buildSettings = {
				ALWAYS_EMBED_SWIFT_STANDARD_LIBRARIES = YES;
				CODE_SIGN_STYLE = Automatic;
				CURRENT_PROJECT_VERSION = 1;
				DEVELOPMENT_TEAM = T4959W6459;
				GENERATE_INFOPLIST_FILE = YES;
				MARKETING_VERSION = 1.0;
				PRODUCT_BUNDLE_IDENTIFIER = "fr.ianisrichardier.Marvel-ComicsUITests";
				PRODUCT_NAME = "$(TARGET_NAME)";
				SWIFT_EMIT_LOC_STRINGS = NO;
				SWIFT_VERSION = 5.0;
				TARGETED_DEVICE_FAMILY = "1,2";
				TEST_TARGET_NAME = Marvel_Comics;
			};
			name = Debug;
		};
		97289A4D27E8CEC1002BD410 /* Release */ = {
			isa = XCBuildConfiguration;
			baseConfigurationReference = D2DA326E40E8BFB5D71AB5E4 /* Pods-Marvel_Comics-Marvel_ComicsUITests.release.xcconfig */;
			buildSettings = {
				ALWAYS_EMBED_SWIFT_STANDARD_LIBRARIES = YES;
				CODE_SIGN_STYLE = Automatic;
				CURRENT_PROJECT_VERSION = 1;
				DEVELOPMENT_TEAM = T4959W6459;
				GENERATE_INFOPLIST_FILE = YES;
				MARKETING_VERSION = 1.0;
				PRODUCT_BUNDLE_IDENTIFIER = "fr.ianisrichardier.Marvel-ComicsUITests";
				PRODUCT_NAME = "$(TARGET_NAME)";
				SWIFT_EMIT_LOC_STRINGS = NO;
				SWIFT_VERSION = 5.0;
				TARGETED_DEVICE_FAMILY = "1,2";
				TEST_TARGET_NAME = Marvel_Comics;
			};
			name = Release;
		};
/* End XCBuildConfiguration section */

/* Begin XCConfigurationList section */
		97289A1327E8CEBF002BD410 /* Build configuration list for PBXProject "Marvel_Comics" */ = {
			isa = XCConfigurationList;
			buildConfigurations = (
				97289A4327E8CEC1002BD410 /* Debug */,
				97289A4427E8CEC1002BD410 /* Release */,
			);
			defaultConfigurationIsVisible = 0;
			defaultConfigurationName = Release;
		};
		97289A4527E8CEC1002BD410 /* Build configuration list for PBXNativeTarget "Marvel_Comics" */ = {
			isa = XCConfigurationList;
			buildConfigurations = (
				97289A4627E8CEC1002BD410 /* Debug */,
				97289A4727E8CEC1002BD410 /* Release */,
			);
			defaultConfigurationIsVisible = 0;
			defaultConfigurationName = Release;
		};
		97289A4827E8CEC1002BD410 /* Build configuration list for PBXNativeTarget "Marvel_ComicsTests" */ = {
			isa = XCConfigurationList;
			buildConfigurations = (
				97289A4927E8CEC1002BD410 /* Debug */,
				97289A4A27E8CEC1002BD410 /* Release */,
			);
			defaultConfigurationIsVisible = 0;
			defaultConfigurationName = Release;
		};
		97289A4B27E8CEC1002BD410 /* Build configuration list for PBXNativeTarget "Marvel_ComicsUITests" */ = {
			isa = XCConfigurationList;
			buildConfigurations = (
				97289A4C27E8CEC1002BD410 /* Debug */,
				97289A4D27E8CEC1002BD410 /* Release */,
			);
			defaultConfigurationIsVisible = 0;
			defaultConfigurationName = Release;
		};
/* End XCConfigurationList section */

/* Begin XCVersionGroup section */
		97289A2427E8CEBF002BD410 /* Marvel_Comics.xcdatamodeld */ = {
			isa = XCVersionGroup;
			children = (
				97289A2527E8CEBF002BD410 /* Marvel_Comics.xcdatamodel */,
			);
			currentVersion = 97289A2527E8CEBF002BD410 /* Marvel_Comics.xcdatamodel */;
			path = Marvel_Comics.xcdatamodeld;
			sourceTree = "<group>";
			versionGroupType = wrapper.xcdatamodel;
		};
/* End XCVersionGroup section */
	};
	rootObject = 97289A1027E8CEBF002BD410 /* Project object */;
}
